{
  "version": 4,
  "terraform_version": "1.13.2",
  "serial": 120,
  "lineage": "8dba60da-1518-fc3d-8899-d26d3b134a77",
  "outputs": {
    "cluster_name": {
      "value": "ai-issue-genius-cluster",
      "type": "string"
    },
    "kubeconfig": {
      "value": "apiVersion: v1\nclusters:\n- cluster:\n    certificate-authority-data: LS0tLS1CRUdJTiBDRVJUSUZJQ0FURS0tLS0tCk1JSUM5RENDQWR5Z0F3SUJBZ0lRZkpSaEJQZm9TNDYwWWdFZ0F1azlWVEFOQmdrcWhraUc5dzBCQVFzRkFEQWkKTVNBd0hnWURWUVFEREJkaGFTMXBjM04xWlMxblpXNXBkWE10WTJ4MWMzUmxjakFlRncweU5UQTVNVFF4TXpFeQpNemxhRncwek1EQTVNVFF4TXpFeU16bGFNQ0l4SURBZUJnTlZCQU1NRjJGcExXbHpjM1ZsTFdkbGJtbDFjeTFqCmJIVnpkR1Z5TUlJQklqQU5CZ2txaGtpRzl3MEJBUUVGQUFPQ0FROEFNSUlCQ2dLQ0FRRUF1Q2pBMnBOV0kzaG4KT0hKMWloU1lRSkR3REozTWdqbEhHOTY2T1QzdFlJdGtvbEhyZ2l2Q0IyYnd5S3ZXZG9KazRHamI4YWxlRXd5bQpFaVNGWkdFbFpKK2RoZjVxMGRzaWdvbXpjZDlWZGp1WU0yV2g1YTh6Q20rZU5RTW8xU2hsMDZ5Rmo5ZTlVTnBJCkNNbnVyWkdPSjkxclR5N1ZPY25oZmRvanViSjBrUXl6eVo0U1dycTZVM3lhRXdFYktFdVFYZ0E2ZmNuekxhaGcKT3pzRjNnd3lrZXdEWWtmQUh5aURkTm5VWUNBbHJBWjA5RGJXTytDSmpDWG9lN0JxNlQzNUFtWTVwbmsxMVMyaQovOTJPRlVvRnFPVmFUYWI4bkFiSlU0OVFnVHZURTVvSHMxMEJMNkRzeThkeU4rVG05cEl1QUtZT0JlVDFjSnVUCjJlTFJrRTRhSndJREFRQUJveVl3SkRBU0JnTlZIUk1CQWY4RUNEQUdBUUgvQWdFQU1BNEdBMVVkRHdFQi93UUUKQXdJQ0JEQU5CZ2txaGtpRzl3MEJBUXNGQUFPQ0FRRUFzb1lsVUZUWUJwYzFJS3hIeHYrZUpHNnU3U1ZNUHc5LwpJN1lwMzNVSHc1MVB6VitFZll4SkxaV0ZsdVZsc0loSFZ4MnZwUUN5UFdFRUY4VkxXanMzZTQxaG02a25jUmYxCjhHcE42YnlCS2VmS1ZIV2NIdDM5OXV5RVI0UHFCS3FjdHVvY3A4R21TaDF0QU5KKzZMekpJbXRyVi82cmZLUlgKeFhobjBSTFFpSi93SXlLdXFRQnpHaFptSm8yempvZ3hpRGRRSzBEYzBmWkg3Z2dXSHk4S3o1UFJ3a0t5RkM4NQpyV0ZuZmQ4NmVnamJRYUs0allrbXkrczJLS29nUnVLZkNkRXpUb3hhdEROZDF2c0k5VlJJL3c4QStTUFRGQTJuCjZRL01QUGw0bERTUHRDVklUbEQ0U2pLWXAzRytXeTk4U0RidXN0WENJUytPUFRqVjRnMzlJZz09Ci0tLS0tRU5EIENFUlRJRklDQVRFLS0tLS0K\n    server: https://217.16.25.13:6443\n  name: ai-issue-genius-cluster\ncontexts:\n- context:\n    cluster: ai-issue-genius-cluster\n    user: ai-issue-genius-cluster\n  name: default/ai-issue-genius-cluster\ncurrent-context: default/ai-issue-genius-cluster\nkind: Config\npreferences: {}\nusers:\n- name: ai-issue-genius-cluster\n  user:\n    exec:\n      apiVersion: client.authentication.k8s.io/v1beta1\n      args: null\n      command: client-keystone-auth\n      env:\n      - name: \"OS_AUTH_URL\"\n        value: \"https://infra.mail.ru:35357/v3/\"\n      - name: \"OS_USERNAME\"\n        value: \"fedor.buzinov@gmail.com\"\n      #- name: \"OS_PASSWORD\"\n      #  value: \"put your password here\"\n      - name: \"OS_PROJECT_ID\"\n        value: \"fd3fa9b1dc8042c8bc19f483b88c6328\"\n      - name: \"OS_DOMAIN_NAME\"\n        value: \"users\"\n      interactiveMode: IfAvailable\n      provideClusterInfo: false",
      "type": "string",
      "sensitive": true
    }
  },
  "resources": [
    {
      "mode": "data",
      "type": "vkcs_compute_flavor",
      "name": "k8s-master-flavor",
      "provider": "provider[\"registry.terraform.io/vk-cs/vkcs\"]",
      "instances": [
        {
          "schema_version": 0,
          "attributes": {
            "disk": 0,
            "extra_specs": {
              "agg_common": "true",
              "filter:cascadelake": "true",
              "hw:cpu_sockets": "1",
              "mcs:cpu_generation": "cascadelake-v1",
              "mcs:cpu_type": "standard"
            },
            "flavor_id": "caa8a4cc-4b78-4edf-b380-c574e24c19e8",
            "id": "caa8a4cc-4b78-4edf-b380-c574e24c19e8",
            "is_public": true,
            "min_disk": null,
            "min_ram": null,
            "name": "STD2-2-6",
            "ram": 6144,
            "region": null,
            "rx_tx_factor": 1,
            "swap": 0,
            "vcpus": 2
          },
          "sensitive_attributes": [],
          "identity_schema_version": 0
        }
      ]
    },
    {
      "mode": "data",
      "type": "vkcs_compute_flavor",
      "name": "k8s-node-group-flavor",
      "provider": "provider[\"registry.terraform.io/vk-cs/vkcs\"]",
      "instances": [
        {
          "schema_version": 0,
          "attributes": {
            "disk": 0,
            "extra_specs": {
              "agg_common": "true",
              "filter:cascadelake": "true",
              "hw:cpu_sockets": "1",
              "mcs:cpu_generation": "cascadelake-v1",
              "mcs:cpu_type": "standard"
            },
            "flavor_id": "3be73bcf-72d8-4853-bb33-c8cbaa8a8480",
            "id": "3be73bcf-72d8-4853-bb33-c8cbaa8a8480",
            "is_public": true,
            "min_disk": null,
            "min_ram": null,
            "name": "STD2-2-4",
            "ram": 4096,
            "region": null,
            "rx_tx_factor": 1,
            "swap": 0,
            "vcpus": 2
          },
          "sensitive_attributes": [],
          "identity_schema_version": 0
        }
      ]
    },
    {
      "mode": "data",
      "type": "vkcs_kubernetes_cluster",
      "name": "k8s-cluster",
      "provider": "provider[\"registry.terraform.io/vk-cs/vkcs\"]",
      "instances": [
        {
          "schema_version": 0,
          "attributes": {
            "api_address": "https://217.16.25.13:6443",
            "api_lb_fip": "217.16.25.13",
            "api_lb_vip": "192.168.199.74",
            "availability_zone": "MS1",
            "availability_zones": [
              "MS1"
            ],
            "cluster_id": "83b1be08-0174-40d3-bde6-836f02e88821",
            "cluster_template_id": "53bd4047-6942-44af-84c1-c814776af788",
            "cluster_type": "standard",
            "created_at": "2025-09-15T10:12:38Z",
            "discovery_url": "",
            "dns_domain": "cluster.local",
            "floating_ip_enabled": true,
            "id": "83b1be08-0174-40d3-bde6-836f02e88821",
            "ingress_floating_ip": "",
            "insecure_registries": [],
            "k8s_config": "apiVersion: v1\nclusters:\n- cluster:\n    certificate-authority-data: LS0tLS1CRUdJTiBDRVJUSUZJQ0FURS0tLS0tCk1JSUM5RENDQWR5Z0F3SUJBZ0lRZkpSaEJQZm9TNDYwWWdFZ0F1azlWVEFOQmdrcWhraUc5dzBCQVFzRkFEQWkKTVNBd0hnWURWUVFEREJkaGFTMXBjM04xWlMxblpXNXBkWE10WTJ4MWMzUmxjakFlRncweU5UQTVNVFF4TXpFeQpNemxhRncwek1EQTVNVFF4TXpFeU16bGFNQ0l4SURBZUJnTlZCQU1NRjJGcExXbHpjM1ZsTFdkbGJtbDFjeTFqCmJIVnpkR1Z5TUlJQklqQU5CZ2txaGtpRzl3MEJBUUVGQUFPQ0FROEFNSUlCQ2dLQ0FRRUF1Q2pBMnBOV0kzaG4KT0hKMWloU1lRSkR3REozTWdqbEhHOTY2T1QzdFlJdGtvbEhyZ2l2Q0IyYnd5S3ZXZG9KazRHamI4YWxlRXd5bQpFaVNGWkdFbFpKK2RoZjVxMGRzaWdvbXpjZDlWZGp1WU0yV2g1YTh6Q20rZU5RTW8xU2hsMDZ5Rmo5ZTlVTnBJCkNNbnVyWkdPSjkxclR5N1ZPY25oZmRvanViSjBrUXl6eVo0U1dycTZVM3lhRXdFYktFdVFYZ0E2ZmNuekxhaGcKT3pzRjNnd3lrZXdEWWtmQUh5aURkTm5VWUNBbHJBWjA5RGJXTytDSmpDWG9lN0JxNlQzNUFtWTVwbmsxMVMyaQovOTJPRlVvRnFPVmFUYWI4bkFiSlU0OVFnVHZURTVvSHMxMEJMNkRzeThkeU4rVG05cEl1QUtZT0JlVDFjSnVUCjJlTFJrRTRhSndJREFRQUJveVl3SkRBU0JnTlZIUk1CQWY4RUNEQUdBUUgvQWdFQU1BNEdBMVVkRHdFQi93UUUKQXdJQ0JEQU5CZ2txaGtpRzl3MEJBUXNGQUFPQ0FRRUFzb1lsVUZUWUJwYzFJS3hIeHYrZUpHNnU3U1ZNUHc5LwpJN1lwMzNVSHc1MVB6VitFZll4SkxaV0ZsdVZsc0loSFZ4MnZwUUN5UFdFRUY4VkxXanMzZTQxaG02a25jUmYxCjhHcE42YnlCS2VmS1ZIV2NIdDM5OXV5RVI0UHFCS3FjdHVvY3A4R21TaDF0QU5KKzZMekpJbXRyVi82cmZLUlgKeFhobjBSTFFpSi93SXlLdXFRQnpHaFptSm8yempvZ3hpRGRRSzBEYzBmWkg3Z2dXSHk4S3o1UFJ3a0t5RkM4NQpyV0ZuZmQ4NmVnamJRYUs0allrbXkrczJLS29nUnVLZkNkRXpUb3hhdEROZDF2c0k5VlJJL3c4QStTUFRGQTJuCjZRL01QUGw0bERTUHRDVklUbEQ0U2pLWXAzRytXeTk4U0RidXN0WENJUytPUFRqVjRnMzlJZz09Ci0tLS0tRU5EIENFUlRJRklDQVRFLS0tLS0K\n    server: https://217.16.25.13:6443\n  name: ai-issue-genius-cluster\ncontexts:\n- context:\n    cluster: ai-issue-genius-cluster\n    user: ai-issue-genius-cluster\n  name: default/ai-issue-genius-cluster\ncurrent-context: default/ai-issue-genius-cluster\nkind: Config\npreferences: {}\nusers:\n- name: ai-issue-genius-cluster\n  user:\n    exec:\n      apiVersion: client.authentication.k8s.io/v1beta1\n      args: null\n      command: client-keystone-auth\n      env:\n      - name: \"OS_AUTH_URL\"\n        value: \"https://infra.mail.ru:35357/v3/\"\n      - name: \"OS_USERNAME\"\n        value: \"fedor.buzinov@gmail.com\"\n      #- name: \"OS_PASSWORD\"\n      #  value: \"put your password here\"\n      - name: \"OS_PROJECT_ID\"\n        value: \"fd3fa9b1dc8042c8bc19f483b88c6328\"\n      - name: \"OS_DOMAIN_NAME\"\n        value: \"users\"\n      interactiveMode: IfAvailable\n      provideClusterInfo: false",
            "keypair": "",
            "labels": {
              "calico_ipv4pool": "10.100.0.0/16",
              "cgroup_driver": "systemd",
              "container_infra_prefix": "registry.infra.mail.ru:5010/",
              "kube_core_tag": "1.31.4-mcs.1",
              "task_support": "true"
            },
            "loadbalancer_subnet_id": "11e939f3-4292-4389-bcdc-2a0111f59da8",
            "master_addresses": [
              "192.168.199.129"
            ],
            "master_count": 1,
            "master_flavor": "caa8a4cc-4b78-4edf-b380-c574e24c19e8",
            "name": "ai-issue-genius-cluster",
            "network_id": "31c658fc-f180-4dde-9c93-ee2933b38b91",
            "pods_network_cidr": "10.100.0.0/16",
            "project_id": "fd3fa9b1dc8042c8bc19f483b88c6328",
            "region": "RegionOne",
            "registry_auth_password": "",
            "stack_id": "",
            "status": "RUNNING",
            "subnet_id": "11e939f3-4292-4389-bcdc-2a0111f59da8",
            "sync_security_policy": false,
            "updated_at": "2025-09-16T16:47:58Z",
            "user_id": ""
          },
          "sensitive_attributes": [],
          "identity_schema_version": 0
        }
      ]
    },
    {
      "mode": "data",
      "type": "vkcs_kubernetes_clustertemplate",
      "name": "k8s-template",
      "provider": "provider[\"registry.terraform.io/vk-cs/vkcs\"]",
      "instances": [
        {
          "schema_version": 0,
          "attributes": {
            "apiserver_port": 0,
            "cluster_distro": "almalinux",
            "cluster_template_uuid": "53bd4047-6942-44af-84c1-c814776af788",
            "created_at": "2025-02-17T13:16:36Z",
            "deprecated_at": "2026-04-14T14:21:08Z",
            "dns_nameserver": "",
            "docker_storage_driver": "",
            "docker_volume_size": 0,
            "external_network_id": "298117ae-3fa4-4109-9e08-8be5602be5a2",
            "flavor": "",
            "floating_ip_enabled": true,
            "id": "53bd4047-6942-44af-84c1-c814776af788",
            "image": "d90b75c2-1120-4059-b92e-d124a131f5d6",
            "insecure_registry": "",
            "keypair_id": "",
            "labels": {
              "calico_ipv4pool": "10.100.0.0/16",
              "cgroup_driver": "systemd",
              "container_infra_prefix": "registry.infra.mail.ru:5010/",
              "kube_core_tag": "1.31.4-mcs.1",
              "task_support": "true"
            },
            "master_flavor": "8b64c09b-7141-41ad-a81e-9f5a8dbbd87e",
            "master_lb_enabled": true,
            "name": "Kubernetes-almalinux-v1.31.4-mcs.1",
            "network_driver": "calico",
            "no_proxy": "",
            "project_id": "",
            "public": true,
            "region": "RegionOne",
            "registry_enabled": false,
            "server_type": "vm",
            "tls_disabled": false,
            "updated_at": "2025-09-16T09:37:11Z",
            "user_id": "",
            "version": "1.31",
            "volume_driver": ""
          },
          "sensitive_attributes": [],
          "identity_schema_version": 0
        }
      ]
    },
    {
      "mode": "data",
      "type": "vkcs_networking_network",
      "name": "extnet",
      "provider": "provider[\"registry.terraform.io/vk-cs/vkcs\"]",
      "instances": [
        {
          "schema_version": 0,
          "attributes": {
            "admin_state_up": "true",
            "all_tags": [
              "red"
            ],
            "description": "",
            "external": true,
            "id": "ec8c610e-6387-447e-83d2-d2c541e88164",
            "matching_subnet_cidr": null,
            "name": "internet",
            "network_id": "ec8c610e-6387-447e-83d2-d2c541e88164",
            "private_dns_domain": "",
            "region": "RegionOne",
            "sdn": "sprut",
            "shared": "true",
            "status": null,
            "subnets": [
              "09dad209-7765-4845-9fd1-d49f8ff0f66e",
              "0a0ac2d6-871b-4fbc-b408-298ccbed3f51",
              "0bf794b5-470c-4a01-be49-bbc2f849a88f",
              "1a8fc312-df60-438f-8946-635a138ef0cb",
              "1c623b92-146c-46a6-9ffd-fa69eb2239b7",
              "28085d45-65a7-4a37-b15f-55dffa9dcb7b",
              "2b017844-a61c-4087-8e74-cc6972f52a77",
              "2ea7332d-4ad2-4341-8bc5-76937d4894f4",
              "4516f4ad-3b84-402b-923a-88864bfa20b8",
              "4634d136-1553-45e0-9e00-49393022c5ac",
              "4675a124-2b97-4e75-8f23-82dc7d53c820",
              "4a6a7814-8ea3-402c-b0c7-333c332af113",
              "4bb55beb-0650-4d60-a3a0-8a38210440d7",
              "533a9238-075e-43b6-a3d0-dc1a4c1fe00d",
              "6a0246a8-a117-4725-a38c-7f93952e0994",
              "6ef2517a-2d28-43bd-9df2-ee70cafdc141",
              "72427904-ed22-4a74-b718-a33567991d44",
              "7b0efc8a-c181-4e02-9fb1-31fa4eecc693",
              "8210deff-3c76-4d53-b9b8-c83e0f8774c9",
              "8b39b012-cc62-4c74-ba00-41aa86733bcd",
              "94319a0a-80be-4a90-8312-58dc5c6ad373",
              "9434a136-e928-4fd4-816a-24016025fa10",
              "96ca0921-defc-4571-b5e1-38a9732a7093",
              "abdc8333-6aee-48e1-9936-ac44d36bfb1b",
              "b017f958-47c3-47f5-9b87-8f11b847d4c6",
              "b12dd40c-f688-4d97-9a2a-09858cbf2be8",
              "b1909020-40b7-42d7-b9fa-1824f08943cd",
              "b1afddc6-aee5-42ef-9381-029d2d4d9025",
              "b3899b8b-8fae-401b-8e8d-fc99dd404e9b",
              "b8a8d5d3-977b-46f4-82b2-dbff91c4fe6e",
              "bc0d91ec-1c4b-427b-97c8-7d645ccc506b",
              "c3a71dad-ebf8-467c-8375-9c6294a54859",
              "ce5f81a2-09c4-41cd-9372-1f75c39e5a49",
              "d1305dae-0d6e-4c9a-860c-b6a86f861530",
              "d16bbc0a-1d27-4315-bb59-bd8939e4bf02",
              "d3d27388-583c-4d6c-9f9e-b682b3b2a59e",
              "db5aaef4-7edf-4f93-9fab-e09c3ac2ffba",
              "e0a3358b-b37e-4e1e-b811-1d75c68f6390",
              "e45db33a-81e0-413f-a910-ac8e796ef3c6",
              "fd9e947b-d940-4af7-9579-33cbd08e5e37"
            ],
            "tags": null,
            "tenant_id": "9d013ed7c41e4bf38dd91f899e40185a",
            "vkcs_services_access": false
          },
          "sensitive_attributes": [],
          "identity_schema_version": 0
        }
      ]
    },
    {
      "mode": "managed",
      "type": "kubernetes_config_map_v1",
      "name": "postgres_init_script",
      "provider": "provider[\"registry.terraform.io/hashicorp/kubernetes\"]",
      "instances": [
        {
          "schema_version": 0,
          "attributes": {
            "binary_data": {},
            "data": {
              "prepare_database.sql": "CREATE DATABASE ai_issue_genius;\nCREATE USER ai_issue_genius WITH PASSWORD 'ai_issue_genius';\nALTER USER ai_issue_genius WITH SUPERUSER;\n\n\\c ai_issue_genius\n\n-- Сначала создаем таблицу от имени postgres пользователя\nCREATE TABLE logs (\n    id BIGSERIAL PRIMARY KEY,\n    timestamp TIMESTAMP WITH TIME ZONE DEFAULT CURRENT_TIMESTAMP,\n    service VARCHAR(100) NOT NULL,\n    log JSONB,\n    ai_analysis JSONB,\n    analysis_time TIMESTAMP WITH TIME ZONE\n);\n\n-- Создаем индексы\nCREATE INDEX IF NOT EXISTS idx_logs_timestamp ON logs(timestamp);\nCREATE INDEX IF NOT EXISTS idx_logs_service ON logs(service);\nCREATE INDEX IF NOT EXISTS idx_logs_analysis_time ON logs(analysis_time);\n\n-- Предоставляем права пользователю ai_issue_genius\nGRANT ALL PRIVILEGES ON TABLE logs TO ai_issue_genius;\nGRANT ALL PRIVILEGES ON SEQUENCE logs_id_seq TO ai_issue_genius;\nGRANT USAGE ON SCHEMA public TO ai_issue_genius;\n\n\nCREATE TABLE users (\n    id SERIAL PRIMARY KEY,\n    email VARCHAR(255) UNIQUE NOT NULL,\n    password_hash VARCHAR(255) NOT NULL,\n    created_at TIMESTAMP DEFAULT CURRENT_TIMESTAMP,\n    is_active BOOLEAN DEFAULT TRUE\n);\n\nCREATE INDEX idx_users_email ON users(email);\nCREATE INDEX idx_users_active ON users(is_active);"
            },
            "id": "ai-issue-genius/postgres-init-script",
            "immutable": false,
            "metadata": [
              {
                "annotations": {},
                "generate_name": "",
                "generation": 0,
                "labels": {},
                "name": "postgres-init-script",
                "namespace": "ai-issue-genius",
                "resource_version": "5515",
                "uid": "eacf1a19-df2b-487f-b71e-d567920d0d5e"
              }
            ]
          },
          "sensitive_attributes": [],
          "identity_schema_version": 1,
          "identity": {
            "api_version": "v1",
            "kind": "ConfigMap",
            "name": "postgres-init-script",
            "namespace": "ai-issue-genius"
          },
          "private": "bnVsbA==",
          "dependencies": [
            "data.vkcs_compute_flavor.k8s-master-flavor",
            "data.vkcs_kubernetes_cluster.k8s-cluster",
            "data.vkcs_kubernetes_clustertemplate.k8s-template",
            "data.vkcs_networking_network.extnet",
            "kubernetes_namespace_v1.ai_issue_genius_ns",
            "vkcs_kubernetes_cluster.k8s-cluster",
            "vkcs_networking_network.k8s",
            "vkcs_networking_router.k8s",
            "vkcs_networking_router_interface.k8s",
            "vkcs_networking_subnet.k8s"
          ]
        }
      ]
    },
    {
      "mode": "managed",
      "type": "kubernetes_deployment_v1",
      "name": "ai_issue_genius_agent",
      "provider": "provider[\"registry.terraform.io/hashicorp/kubernetes\"]",
      "instances": [
        {
          "schema_version": 1,
          "attributes": {
            "id": "ai-issue-genius/ai-issue-genius-agent",
            "metadata": [
              {
                "annotations": {},
                "generate_name": "",
                "generation": 1,
                "labels": {
                  "app": "ai-issue-genius-agent"
                },
                "name": "ai-issue-genius-agent",
                "namespace": "ai-issue-genius",
                "resource_version": "359568",
                "uid": "ba3b5b5c-a669-4a32-9974-ffe9bc0c2e23"
              }
            ],
            "spec": [
              {
                "min_ready_seconds": 0,
                "paused": false,
                "progress_deadline_seconds": 600,
                "replicas": "1",
                "revision_history_limit": 10,
                "selector": [
                  {
                    "match_expressions": [],
                    "match_labels": {
                      "app": "ai-issue-genius-agent"
                    }
                  }
                ],
                "strategy": [
                  {
                    "rolling_update": [
                      {
                        "max_surge": "25%",
                        "max_unavailable": "25%"
                      }
                    ],
                    "type": "RollingUpdate"
                  }
                ],
                "template": [
                  {
                    "metadata": [
                      {
                        "annotations": {},
                        "generate_name": "",
                        "generation": 0,
                        "labels": {
                          "app": "ai-issue-genius-agent"
                        },
                        "name": "",
                        "namespace": "",
                        "resource_version": "",
                        "uid": ""
                      }
                    ],
                    "spec": [
                      {
                        "active_deadline_seconds": 0,
                        "affinity": [],
                        "automount_service_account_token": true,
                        "container": [
                          {
                            "args": [],
                            "command": [],
                            "env": [
                              {
                                "name": "SERVER_URL",
                                "value": "http://ai-issue-genius-server-service:80",
                                "value_from": []
                              },
                              {
                                "name": "DEEPSEEK_API_KEY",
                                "value": "",
                                "value_from": [
                                  {
                                    "config_map_key_ref": [],
                                    "field_ref": [],
                                    "resource_field_ref": [],
                                    "secret_key_ref": [
                                      {
                                        "key": "token",
                                        "name": "api-deepseek-token",
                                        "optional": false
                                      }
                                    ]
                                  }
                                ]
                              },
                              {
                                "name": "TELEGRAM_TOKEN",
                                "value": "",
                                "value_from": [
                                  {
                                    "config_map_key_ref": [],
                                    "field_ref": [],
                                    "resource_field_ref": [],
                                    "secret_key_ref": [
                                      {
                                        "key": "token",
                                        "name": "telegram-token",
                                        "optional": false
                                      }
                                    ]
                                  }
                                ]
                              },
                              {
                                "name": "TELEGRAM_ID",
                                "value": "",
                                "value_from": [
                                  {
                                    "config_map_key_ref": [],
                                    "field_ref": [],
                                    "resource_field_ref": [],
                                    "secret_key_ref": [
                                      {
                                        "key": "token",
                                        "name": "telegram-id",
                                        "optional": false
                                      }
                                    ]
                                  }
                                ]
                              },
                              {
                                "name": "GITLAB_TOKEN",
                                "value": "",
                                "value_from": [
                                  {
                                    "config_map_key_ref": [],
                                    "field_ref": [],
                                    "resource_field_ref": [],
                                    "secret_key_ref": [
                                      {
                                        "key": "token",
                                        "name": "gitlab-token",
                                        "optional": false
                                      }
                                    ]
                                  }
                                ]
                              }
                            ],
                            "env_from": [],
                            "image": "registry.gitlab.com/ai8595334/ai-issue-genius/ai-issue-genius-agent",
                            "image_pull_policy": "Always",
                            "lifecycle": [],
                            "liveness_probe": [],
                            "name": "agent",
                            "port": [],
                            "readiness_probe": [],
                            "resources": [
                              {
                                "limits": {},
                                "requests": {}
                              }
                            ],
                            "security_context": [],
                            "startup_probe": [],
                            "stdin": false,
                            "stdin_once": false,
                            "termination_message_path": "/dev/termination-log",
                            "termination_message_policy": "File",
                            "tty": false,
                            "volume_device": [],
                            "volume_mount": [],
                            "working_dir": ""
                          }
                        ],
                        "dns_config": [],
                        "dns_policy": "ClusterFirst",
                        "enable_service_links": true,
                        "host_aliases": [],
                        "host_ipc": false,
                        "host_network": false,
                        "host_pid": false,
                        "hostname": "",
                        "image_pull_secrets": [
                          {
                            "name": "gitlab-registry"
                          }
                        ],
                        "init_container": [],
                        "node_name": "",
                        "node_selector": {},
                        "os": [],
                        "priority_class_name": "",
                        "readiness_gate": [],
                        "restart_policy": "Always",
                        "runtime_class_name": "",
                        "scheduler_name": "default-scheduler",
                        "security_context": [],
                        "service_account_name": "",
                        "share_process_namespace": false,
                        "subdomain": "",
                        "termination_grace_period_seconds": 30,
                        "toleration": [],
                        "topology_spread_constraint": [],
                        "volume": []
                      }
                    ]
                  }
                ]
              }
            ],
            "timeouts": null,
            "wait_for_rollout": true
          },
          "sensitive_attributes": [],
          "identity_schema_version": 1,
          "identity": {
            "api_version": "apps/v1",
            "kind": "Deployment",
            "name": "ai-issue-genius-agent",
            "namespace": "ai-issue-genius"
          },
          "private": "eyJlMmJmYjczMC1lY2FhLTExZTYtOGY4OC0zNDM2M2JjN2M0YzAiOnsiY3JlYXRlIjo2MDAwMDAwMDAwMDAsImRlbGV0ZSI6NjAwMDAwMDAwMDAwLCJ1cGRhdGUiOjYwMDAwMDAwMDAwMH0sInNjaGVtYV92ZXJzaW9uIjoiMSJ9",
          "dependencies": [
            "data.vkcs_compute_flavor.k8s-master-flavor",
            "data.vkcs_kubernetes_cluster.k8s-cluster",
            "data.vkcs_kubernetes_clustertemplate.k8s-template",
            "data.vkcs_networking_network.extnet",
            "kubernetes_namespace_v1.ai_issue_genius_ns",
            "vkcs_kubernetes_cluster.k8s-cluster",
            "vkcs_networking_network.k8s",
            "vkcs_networking_router.k8s",
            "vkcs_networking_router_interface.k8s",
            "vkcs_networking_subnet.k8s"
          ]
        }
      ]
    },
    {
      "mode": "managed",
      "type": "kubernetes_deployment_v1",
      "name": "ai_issue_genius_server",
      "provider": "provider[\"registry.terraform.io/hashicorp/kubernetes\"]",
      "instances": [
        {
          "schema_version": 1,
          "attributes": {
            "id": "ai-issue-genius/ai-issue-genius-server",
            "metadata": [
              {
                "annotations": {},
                "generate_name": "",
                "generation": 1,
                "labels": {
                  "app": "ai-issue-genius-server"
                },
                "name": "ai-issue-genius-server",
                "namespace": "ai-issue-genius",
                "resource_version": "47969",
                "uid": "766e0066-401b-4969-b68e-cfee30027665"
              }
            ],
            "spec": [
              {
                "min_ready_seconds": 0,
                "paused": false,
                "progress_deadline_seconds": 600,
                "replicas": "1",
                "revision_history_limit": 10,
                "selector": [
                  {
                    "match_expressions": [],
                    "match_labels": {
                      "app": "ai-issue-genius-server"
                    }
                  }
                ],
                "strategy": [
                  {
                    "rolling_update": [
                      {
                        "max_surge": "25%",
                        "max_unavailable": "25%"
                      }
                    ],
                    "type": "RollingUpdate"
                  }
                ],
                "template": [
                  {
                    "metadata": [
                      {
                        "annotations": {},
                        "generate_name": "",
                        "generation": 0,
                        "labels": {
                          "app": "ai-issue-genius-server"
                        },
                        "name": "",
                        "namespace": "",
                        "resource_version": "",
                        "uid": ""
                      }
                    ],
                    "spec": [
                      {
                        "active_deadline_seconds": 0,
                        "affinity": [],
                        "automount_service_account_token": true,
                        "container": [
                          {
                            "args": [],
                            "command": [],
                            "env": [
                              {
                                "name": "DB_HOST",
                                "value": "postgres-service",
                                "value_from": []
                              },
                              {
                                "name": "DB_PORT",
                                "value": "5432",
                                "value_from": []
                              },
                              {
                                "name": "DB_NAME",
                                "value": "ai_issue_genius",
                                "value_from": []
                              },
                              {
                                "name": "DB_USER",
                                "value": "ai_issue_genius",
                                "value_from": []
                              },
                              {
                                "name": "DB_PASSWORD",
                                "value": "ai_issue_genius",
                                "value_from": []
                              }
                            ],
                            "env_from": [],
                            "image": "registry.gitlab.com/ai8595334/ai-issue-genius/ai-issue-genius-server",
                            "image_pull_policy": "Always",
                            "lifecycle": [],
                            "liveness_probe": [],
                            "name": "server",
                            "port": [
                              {
                                "container_port": 9000,
                                "host_ip": "",
                                "host_port": 0,
                                "name": "",
                                "protocol": "TCP"
                              }
                            ],
                            "readiness_probe": [],
                            "resources": [
                              {
                                "limits": {},
                                "requests": {}
                              }
                            ],
                            "security_context": [],
                            "startup_probe": [],
                            "stdin": false,
                            "stdin_once": false,
                            "termination_message_path": "/dev/termination-log",
                            "termination_message_policy": "File",
                            "tty": false,
                            "volume_device": [],
                            "volume_mount": [],
                            "working_dir": ""
                          }
                        ],
                        "dns_config": [],
                        "dns_policy": "ClusterFirst",
                        "enable_service_links": true,
                        "host_aliases": [],
                        "host_ipc": false,
                        "host_network": false,
                        "host_pid": false,
                        "hostname": "",
                        "image_pull_secrets": [
                          {
                            "name": "gitlab-registry"
                          }
                        ],
                        "init_container": [],
                        "node_name": "",
                        "node_selector": {},
                        "os": [],
                        "priority_class_name": "",
                        "readiness_gate": [],
                        "restart_policy": "Always",
                        "runtime_class_name": "",
                        "scheduler_name": "default-scheduler",
                        "security_context": [],
                        "service_account_name": "",
                        "share_process_namespace": false,
                        "subdomain": "",
                        "termination_grace_period_seconds": 30,
                        "toleration": [],
                        "topology_spread_constraint": [],
                        "volume": []
                      }
                    ]
                  }
                ]
              }
            ],
            "timeouts": null,
            "wait_for_rollout": true
          },
          "sensitive_attributes": [],
          "identity_schema_version": 1,
          "identity": {
            "api_version": "apps/v1",
            "kind": "Deployment",
            "name": "ai-issue-genius-server",
            "namespace": "ai-issue-genius"
          },
          "private": "eyJlMmJmYjczMC1lY2FhLTExZTYtOGY4OC0zNDM2M2JjN2M0YzAiOnsiY3JlYXRlIjo2MDAwMDAwMDAwMDAsImRlbGV0ZSI6NjAwMDAwMDAwMDAwLCJ1cGRhdGUiOjYwMDAwMDAwMDAwMH0sInNjaGVtYV92ZXJzaW9uIjoiMSJ9",
          "dependencies": [
            "data.vkcs_compute_flavor.k8s-master-flavor",
            "data.vkcs_kubernetes_cluster.k8s-cluster",
            "data.vkcs_kubernetes_clustertemplate.k8s-template",
            "data.vkcs_networking_network.extnet",
            "kubernetes_config_map_v1.postgres_init_script",
            "kubernetes_deployment_v1.postgres",
            "kubernetes_namespace_v1.ai_issue_genius_ns",
            "kubernetes_persistent_volume_claim_v1.postgres_pvc",
            "kubernetes_service_v1.postgres",
            "vkcs_kubernetes_cluster.k8s-cluster",
            "vkcs_networking_network.k8s",
            "vkcs_networking_router.k8s",
            "vkcs_networking_router_interface.k8s",
            "vkcs_networking_subnet.k8s"
          ]
        }
      ]
    },
    {
      "mode": "managed",
      "type": "kubernetes_deployment_v1",
      "name": "postgres",
      "provider": "provider[\"registry.terraform.io/hashicorp/kubernetes\"]",
      "instances": [
        {
          "schema_version": 1,
          "attributes": {
            "id": "ai-issue-genius/postgres",
            "metadata": [
              {
                "annotations": {},
                "generate_name": "",
                "generation": 1,
                "labels": {
                  "app": "postgres"
                },
                "name": "postgres",
                "namespace": "ai-issue-genius",
                "resource_version": "5787",
                "uid": "acc9aacc-2fa3-48b9-a195-7869d6449904"
              }
            ],
            "spec": [
              {
                "min_ready_seconds": 0,
                "paused": false,
                "progress_deadline_seconds": 600,
                "replicas": "1",
                "revision_history_limit": 10,
                "selector": [
                  {
                    "match_expressions": [],
                    "match_labels": {
                      "app": "postgres"
                    }
                  }
                ],
                "strategy": [
                  {
                    "rolling_update": [
                      {
                        "max_surge": "25%",
                        "max_unavailable": "25%"
                      }
                    ],
                    "type": "RollingUpdate"
                  }
                ],
                "template": [
                  {
                    "metadata": [
                      {
                        "annotations": {},
                        "generate_name": "",
                        "generation": 0,
                        "labels": {
                          "app": "postgres"
                        },
                        "name": "",
                        "namespace": "",
                        "resource_version": "",
                        "uid": ""
                      }
                    ],
                    "spec": [
                      {
                        "active_deadline_seconds": 0,
                        "affinity": [],
                        "automount_service_account_token": true,
                        "container": [
                          {
                            "args": [],
                            "command": [],
                            "env": [
                              {
                                "name": "POSTGRES_DB",
                                "value": "postgres",
                                "value_from": []
                              },
                              {
                                "name": "POSTGRES_USER",
                                "value": "postgres",
                                "value_from": []
                              },
                              {
                                "name": "POSTGRES_PASSWORD",
                                "value": "postgres",
                                "value_from": []
                              },
                              {
                                "name": "PGDATA",
                                "value": "/var/lib/postgresql/data/pgdata",
                                "value_from": []
                              }
                            ],
                            "env_from": [],
                            "image": "postgres:17.4",
                            "image_pull_policy": "IfNotPresent",
                            "lifecycle": [],
                            "liveness_probe": [
                              {
                                "exec": [
                                  {
                                    "command": [
                                      "pg_isready",
                                      "-U",
                                      "postgres"
                                    ]
                                  }
                                ],
                                "failure_threshold": 3,
                                "grpc": [],
                                "http_get": [],
                                "initial_delay_seconds": 60,
                                "period_seconds": 10,
                                "success_threshold": 1,
                                "tcp_socket": [],
                                "timeout_seconds": 1
                              }
                            ],
                            "name": "postgres",
                            "port": [
                              {
                                "container_port": 5432,
                                "host_ip": "",
                                "host_port": 0,
                                "name": "",
                                "protocol": "TCP"
                              }
                            ],
                            "readiness_probe": [
                              {
                                "exec": [
                                  {
                                    "command": [
                                      "pg_isready",
                                      "-U",
                                      "postgres"
                                    ]
                                  }
                                ],
                                "failure_threshold": 3,
                                "grpc": [],
                                "http_get": [],
                                "initial_delay_seconds": 30,
                                "period_seconds": 5,
                                "success_threshold": 1,
                                "tcp_socket": [],
                                "timeout_seconds": 1
                              }
                            ],
                            "resources": [
                              {
                                "limits": {},
                                "requests": {}
                              }
                            ],
                            "security_context": [
                              {
                                "allow_privilege_escalation": true,
                                "capabilities": [],
                                "privileged": false,
                                "read_only_root_filesystem": false,
                                "run_as_group": "999",
                                "run_as_non_root": false,
                                "run_as_user": "999",
                                "se_linux_options": [],
                                "seccomp_profile": []
                              }
                            ],
                            "startup_probe": [],
                            "stdin": false,
                            "stdin_once": false,
                            "termination_message_path": "/dev/termination-log",
                            "termination_message_policy": "File",
                            "tty": false,
                            "volume_device": [],
                            "volume_mount": [
                              {
                                "mount_path": "/docker-entrypoint-initdb.d",
                                "mount_propagation": "None",
                                "name": "init-script",
                                "read_only": false,
                                "sub_path": "",
                                "sub_path_expr": ""
                              },
                              {
                                "mount_path": "/var/lib/postgresql",
                                "mount_propagation": "None",
                                "name": "postgres-storage",
                                "read_only": false,
                                "sub_path": "",
                                "sub_path_expr": ""
                              }
                            ],
                            "working_dir": ""
                          }
                        ],
                        "dns_config": [],
                        "dns_policy": "ClusterFirst",
                        "enable_service_links": true,
                        "host_aliases": [],
                        "host_ipc": false,
                        "host_network": false,
                        "host_pid": false,
                        "hostname": "",
                        "image_pull_secrets": [],
                        "init_container": [],
                        "node_name": "",
                        "node_selector": {},
                        "os": [],
                        "priority_class_name": "",
                        "readiness_gate": [],
                        "restart_policy": "Always",
                        "runtime_class_name": "",
                        "scheduler_name": "default-scheduler",
                        "security_context": [
                          {
                            "fs_group": "999",
                            "fs_group_change_policy": "",
                            "run_as_group": "",
                            "run_as_non_root": false,
                            "run_as_user": "",
                            "se_linux_options": [],
                            "seccomp_profile": [],
                            "supplemental_groups": [],
                            "sysctl": [],
                            "windows_options": []
                          }
                        ],
                        "service_account_name": "",
                        "share_process_namespace": false,
                        "subdomain": "",
                        "termination_grace_period_seconds": 30,
                        "toleration": [],
                        "topology_spread_constraint": [],
                        "volume": [
                          {
                            "aws_elastic_block_store": [],
                            "azure_disk": [],
                            "azure_file": [],
                            "ceph_fs": [],
                            "cinder": [],
                            "config_map": [
                              {
                                "default_mode": "0644",
                                "items": [],
                                "name": "postgres-init-script",
                                "optional": false
                              }
                            ],
                            "csi": [],
                            "downward_api": [],
                            "empty_dir": [],
                            "ephemeral": [],
                            "fc": [],
                            "flex_volume": [],
                            "flocker": [],
                            "gce_persistent_disk": [],
                            "git_repo": [],
                            "glusterfs": [],
                            "host_path": [],
                            "iscsi": [],
                            "local": [],
                            "name": "init-script",
                            "nfs": [],
                            "persistent_volume_claim": [],
                            "photon_persistent_disk": [],
                            "projected": [],
                            "quobyte": [],
                            "rbd": [],
                            "secret": [],
                            "vsphere_volume": []
                          },
                          {
                            "aws_elastic_block_store": [],
                            "azure_disk": [],
                            "azure_file": [],
                            "ceph_fs": [],
                            "cinder": [],
                            "config_map": [],
                            "csi": [],
                            "downward_api": [],
                            "empty_dir": [],
                            "ephemeral": [],
                            "fc": [],
                            "flex_volume": [],
                            "flocker": [],
                            "gce_persistent_disk": [],
                            "git_repo": [],
                            "glusterfs": [],
                            "host_path": [],
                            "iscsi": [],
                            "local": [],
                            "name": "postgres-storage",
                            "nfs": [],
                            "persistent_volume_claim": [
                              {
                                "claim_name": "postgres-pvc",
                                "read_only": false
                              }
                            ],
                            "photon_persistent_disk": [],
                            "projected": [],
                            "quobyte": [],
                            "rbd": [],
                            "secret": [],
                            "vsphere_volume": []
                          }
                        ]
                      }
                    ]
                  }
                ]
              }
            ],
            "timeouts": null,
            "wait_for_rollout": true
          },
          "sensitive_attributes": [],
          "identity_schema_version": 1,
          "identity": {
            "api_version": "apps/v1",
            "kind": "Deployment",
            "name": "postgres",
            "namespace": "ai-issue-genius"
          },
          "private": "eyJlMmJmYjczMC1lY2FhLTExZTYtOGY4OC0zNDM2M2JjN2M0YzAiOnsiY3JlYXRlIjo2MDAwMDAwMDAwMDAsImRlbGV0ZSI6NjAwMDAwMDAwMDAwLCJ1cGRhdGUiOjYwMDAwMDAwMDAwMH0sInNjaGVtYV92ZXJzaW9uIjoiMSJ9",
          "dependencies": [
            "data.vkcs_compute_flavor.k8s-master-flavor",
            "data.vkcs_kubernetes_cluster.k8s-cluster",
            "data.vkcs_kubernetes_clustertemplate.k8s-template",
            "data.vkcs_networking_network.extnet",
            "kubernetes_config_map_v1.postgres_init_script",
            "kubernetes_namespace_v1.ai_issue_genius_ns",
            "kubernetes_persistent_volume_claim_v1.postgres_pvc",
            "vkcs_kubernetes_cluster.k8s-cluster",
            "vkcs_networking_network.k8s",
            "vkcs_networking_router.k8s",
            "vkcs_networking_router_interface.k8s",
            "vkcs_networking_subnet.k8s"
          ]
        }
      ]
    },
    {
      "mode": "managed",
      "type": "kubernetes_namespace_v1",
      "name": "ai_issue_genius_ns",
      "provider": "provider[\"registry.terraform.io/hashicorp/kubernetes\"]",
      "instances": [
        {
          "schema_version": 0,
          "attributes": {
            "id": "ai-issue-genius",
            "metadata": [
              {
                "annotations": {},
                "generate_name": "",
                "generation": 0,
                "labels": {},
                "name": "ai-issue-genius",
                "resource_version": "5511",
                "uid": "3491a3a2-4d93-4637-9998-091566ca677a"
              }
            ],
            "timeouts": null,
            "wait_for_default_service_account": false
          },
          "sensitive_attributes": [],
          "identity_schema_version": 1,
          "identity": {
            "api_version": "v1",
            "kind": "Namespace",
            "name": "ai-issue-genius"
          },
          "private": "eyJlMmJmYjczMC1lY2FhLTExZTYtOGY4OC0zNDM2M2JjN2M0YzAiOnsiZGVsZXRlIjozMDAwMDAwMDAwMDB9fQ==",
          "dependencies": [
            "data.vkcs_compute_flavor.k8s-master-flavor",
            "data.vkcs_kubernetes_cluster.k8s-cluster",
            "data.vkcs_kubernetes_clustertemplate.k8s-template",
            "data.vkcs_networking_network.extnet",
            "vkcs_kubernetes_cluster.k8s-cluster",
            "vkcs_networking_network.k8s",
            "vkcs_networking_router.k8s",
            "vkcs_networking_router_interface.k8s",
            "vkcs_networking_subnet.k8s"
          ]
        }
      ]
    },
    {
      "mode": "managed",
      "type": "kubernetes_persistent_volume_claim_v1",
      "name": "postgres_pvc",
      "provider": "provider[\"registry.terraform.io/hashicorp/kubernetes\"]",
      "instances": [
        {
          "schema_version": 0,
          "attributes": {
            "id": "ai-issue-genius/postgres-pvc",
            "metadata": [
              {
                "annotations": {},
                "generate_name": "",
                "generation": 0,
                "labels": {},
                "name": "postgres-pvc",
                "namespace": "ai-issue-genius",
                "resource_version": "5534",
                "uid": "2316c26f-f47d-45c9-a702-876c4f7b82f5"
              }
            ],
            "spec": [
              {
                "access_modes": [
                  "ReadWriteOnce"
                ],
                "resources": [
                  {
                    "limits": {},
                    "requests": {
                      "storage": "10Gi"
                    }
                  }
                ],
                "selector": [],
                "storage_class_name": "csi-ceph-ssd-ms1",
                "volume_mode": "Filesystem",
                "volume_name": "pvc-2316c26f-f47d-45c9-a702-876c4f7b82f5"
              }
            ],
            "timeouts": null,
            "wait_until_bound": true
          },
          "sensitive_attributes": [],
          "identity_schema_version": 0,
          "private": "eyJlMmJmYjczMC1lY2FhLTExZTYtOGY4OC0zNDM2M2JjN2M0YzAiOnsiY3JlYXRlIjozMDAwMDAwMDAwMDB9fQ==",
          "dependencies": [
            "data.vkcs_compute_flavor.k8s-master-flavor",
            "data.vkcs_kubernetes_cluster.k8s-cluster",
            "data.vkcs_kubernetes_clustertemplate.k8s-template",
            "data.vkcs_networking_network.extnet",
            "kubernetes_namespace_v1.ai_issue_genius_ns",
            "vkcs_kubernetes_cluster.k8s-cluster",
            "vkcs_networking_network.k8s",
            "vkcs_networking_router.k8s",
            "vkcs_networking_router_interface.k8s",
            "vkcs_networking_subnet.k8s"
          ]
        }
      ]
    },
    {
      "mode": "managed",
      "type": "kubernetes_service_v1",
      "name": "ai_issue_genius_server_svc",
      "provider": "provider[\"registry.terraform.io/hashicorp/kubernetes\"]",
      "instances": [
        {
          "schema_version": 1,
          "attributes": {
            "id": "ai-issue-genius/ai-issue-genius-server-service",
            "metadata": [
              {
                "annotations": {},
                "generate_name": "",
                "generation": 0,
                "labels": {},
                "name": "ai-issue-genius-server-service",
                "namespace": "ai-issue-genius",
                "resource_version": "25043",
                "uid": "356268d5-50d8-4051-ad26-9397a29cf7c5"
              }
            ],
            "spec": [
              {
                "allocate_load_balancer_node_ports": true,
                "cluster_ip": "10.254.104.215",
                "cluster_ips": [
                  "10.254.104.215"
                ],
                "external_ips": [],
                "external_name": "",
                "external_traffic_policy": "",
                "health_check_node_port": 0,
                "internal_traffic_policy": "Cluster",
                "ip_families": [
                  "IPv4"
                ],
                "ip_family_policy": "SingleStack",
                "load_balancer_class": "",
                "load_balancer_ip": "",
                "load_balancer_source_ranges": [],
                "port": [
                  {
                    "app_protocol": "",
                    "name": "http",
                    "node_port": 0,
                    "port": 80,
                    "protocol": "TCP",
                    "target_port": "9000"
                  }
                ],
                "publish_not_ready_addresses": false,
                "selector": {
                  "app": "ai-issue-genius-server"
                },
                "session_affinity": "None",
                "session_affinity_config": [],
                "type": "ClusterIP"
              }
            ],
            "status": [
              {
                "load_balancer": [
                  {
                    "ingress": []
                  }
                ]
              }
            ],
            "timeouts": null,
            "wait_for_load_balancer": true
          },
          "sensitive_attributes": [],
          "identity_schema_version": 1,
          "identity": {
            "api_version": "v1",
            "kind": "Service",
            "name": "ai-issue-genius-server-service",
            "namespace": "ai-issue-genius"
          },
          "private": "eyJlMmJmYjczMC1lY2FhLTExZTYtOGY4OC0zNDM2M2JjN2M0YzAiOnsiY3JlYXRlIjo2MDAwMDAwMDAwMDB9LCJzY2hlbWFfdmVyc2lvbiI6IjEifQ==",
          "dependencies": [
            "data.vkcs_compute_flavor.k8s-master-flavor",
            "data.vkcs_kubernetes_cluster.k8s-cluster",
            "data.vkcs_kubernetes_clustertemplate.k8s-template",
            "data.vkcs_networking_network.extnet",
            "kubernetes_config_map_v1.postgres_init_script",
            "kubernetes_deployment_v1.ai_issue_genius_server",
            "kubernetes_deployment_v1.postgres",
            "kubernetes_namespace_v1.ai_issue_genius_ns",
            "kubernetes_persistent_volume_claim_v1.postgres_pvc",
            "kubernetes_service_v1.postgres",
            "vkcs_kubernetes_cluster.k8s-cluster",
            "vkcs_networking_network.k8s",
            "vkcs_networking_router.k8s",
            "vkcs_networking_router_interface.k8s",
            "vkcs_networking_subnet.k8s"
          ]
        }
      ]
    },
    {
      "mode": "managed",
      "type": "kubernetes_service_v1",
      "name": "postgres",
      "provider": "provider[\"registry.terraform.io/hashicorp/kubernetes\"]",
      "instances": [
        {
          "schema_version": 1,
          "attributes": {
            "id": "ai-issue-genius/postgres-service",
            "metadata": [
              {
                "annotations": {},
                "generate_name": "",
                "generation": 0,
                "labels": {},
                "name": "postgres-service",
                "namespace": "ai-issue-genius",
                "resource_version": "5816",
                "uid": "25cd2c94-c318-4afe-a645-ede5e331693e"
              }
            ],
            "spec": [
              {
                "allocate_load_balancer_node_ports": true,
                "cluster_ip": "10.254.172.82",
                "cluster_ips": [
                  "10.254.172.82"
                ],
                "external_ips": [],
                "external_name": "",
                "external_traffic_policy": "",
                "health_check_node_port": 0,
                "internal_traffic_policy": "Cluster",
                "ip_families": [
                  "IPv4"
                ],
                "ip_family_policy": "SingleStack",
                "load_balancer_class": "",
                "load_balancer_ip": "",
                "load_balancer_source_ranges": [],
                "port": [
                  {
                    "app_protocol": "",
                    "name": "",
                    "node_port": 0,
                    "port": 5432,
                    "protocol": "TCP",
                    "target_port": "5432"
                  }
                ],
                "publish_not_ready_addresses": false,
                "selector": {
                  "app": "postgres"
                },
                "session_affinity": "None",
                "session_affinity_config": [],
                "type": "ClusterIP"
              }
            ],
            "status": [
              {
                "load_balancer": [
                  {
                    "ingress": []
                  }
                ]
              }
            ],
            "timeouts": null,
            "wait_for_load_balancer": true
          },
          "sensitive_attributes": [],
          "identity_schema_version": 1,
          "identity": {
            "api_version": "v1",
            "kind": "Service",
            "name": "postgres-service",
            "namespace": "ai-issue-genius"
          },
          "private": "eyJlMmJmYjczMC1lY2FhLTExZTYtOGY4OC0zNDM2M2JjN2M0YzAiOnsiY3JlYXRlIjo2MDAwMDAwMDAwMDB9LCJzY2hlbWFfdmVyc2lvbiI6IjEifQ==",
          "dependencies": [
            "data.vkcs_compute_flavor.k8s-master-flavor",
            "data.vkcs_kubernetes_cluster.k8s-cluster",
            "data.vkcs_kubernetes_clustertemplate.k8s-template",
            "data.vkcs_networking_network.extnet",
            "kubernetes_config_map_v1.postgres_init_script",
            "kubernetes_deployment_v1.postgres",
            "kubernetes_namespace_v1.ai_issue_genius_ns",
            "kubernetes_persistent_volume_claim_v1.postgres_pvc",
            "vkcs_kubernetes_cluster.k8s-cluster",
            "vkcs_networking_network.k8s",
            "vkcs_networking_router.k8s",
            "vkcs_networking_router_interface.k8s",
            "vkcs_networking_subnet.k8s"
          ]
        }
      ]
    },
    {
      "mode": "managed",
      "type": "vkcs_kubernetes_cluster",
      "name": "k8s-cluster",
      "provider": "provider[\"registry.terraform.io/vk-cs/vkcs\"]",
      "instances": [
        {
          "schema_version": 0,
          "attributes": {
            "all_labels": {
              "calico_ipv4pool": "10.100.0.0/16",
              "cgroup_driver": "systemd",
              "container_infra_prefix": "registry.infra.mail.ru:5010/",
              "kube_core_tag": "1.31.4-mcs.1",
              "task_support": "true"
            },
            "api_address": "https://217.16.25.13:6443",
            "api_lb_fip": "217.16.25.13",
            "api_lb_vip": "192.168.199.74",
            "availability_zone": "MS1",
            "availability_zones": [
              "MS1"
            ],
            "cluster_template_id": "53bd4047-6942-44af-84c1-c814776af788",
            "cluster_type": "standard",
            "created_at": "2025-09-15T10:12:38Z",
            "dns_domain": "cluster.local",
            "external_network_id": "ec8c610e-6387-447e-83d2-d2c541e88164",
            "floating_ip_enabled": true,
            "id": "83b1be08-0174-40d3-bde6-836f02e88821",
            "ingress_floating_ip": "",
            "insecure_registries": [],
            "k8s_config": "apiVersion: v1\nclusters:\n- cluster:\n    certificate-authority-data: LS0tLS1CRUdJTiBDRVJUSUZJQ0FURS0tLS0tCk1JSUM5RENDQWR5Z0F3SUJBZ0lRZkpSaEJQZm9TNDYwWWdFZ0F1azlWVEFOQmdrcWhraUc5dzBCQVFzRkFEQWkKTVNBd0hnWURWUVFEREJkaGFTMXBjM04xWlMxblpXNXBkWE10WTJ4MWMzUmxjakFlRncweU5UQTVNVFF4TXpFeQpNemxhRncwek1EQTVNVFF4TXpFeU16bGFNQ0l4SURBZUJnTlZCQU1NRjJGcExXbHpjM1ZsTFdkbGJtbDFjeTFqCmJIVnpkR1Z5TUlJQklqQU5CZ2txaGtpRzl3MEJBUUVGQUFPQ0FROEFNSUlCQ2dLQ0FRRUF1Q2pBMnBOV0kzaG4KT0hKMWloU1lRSkR3REozTWdqbEhHOTY2T1QzdFlJdGtvbEhyZ2l2Q0IyYnd5S3ZXZG9KazRHamI4YWxlRXd5bQpFaVNGWkdFbFpKK2RoZjVxMGRzaWdvbXpjZDlWZGp1WU0yV2g1YTh6Q20rZU5RTW8xU2hsMDZ5Rmo5ZTlVTnBJCkNNbnVyWkdPSjkxclR5N1ZPY25oZmRvanViSjBrUXl6eVo0U1dycTZVM3lhRXdFYktFdVFYZ0E2ZmNuekxhaGcKT3pzRjNnd3lrZXdEWWtmQUh5aURkTm5VWUNBbHJBWjA5RGJXTytDSmpDWG9lN0JxNlQzNUFtWTVwbmsxMVMyaQovOTJPRlVvRnFPVmFUYWI4bkFiSlU0OVFnVHZURTVvSHMxMEJMNkRzeThkeU4rVG05cEl1QUtZT0JlVDFjSnVUCjJlTFJrRTRhSndJREFRQUJveVl3SkRBU0JnTlZIUk1CQWY4RUNEQUdBUUgvQWdFQU1BNEdBMVVkRHdFQi93UUUKQXdJQ0JEQU5CZ2txaGtpRzl3MEJBUXNGQUFPQ0FRRUFzb1lsVUZUWUJwYzFJS3hIeHYrZUpHNnU3U1ZNUHc5LwpJN1lwMzNVSHc1MVB6VitFZll4SkxaV0ZsdVZsc0loSFZ4MnZwUUN5UFdFRUY4VkxXanMzZTQxaG02a25jUmYxCjhHcE42YnlCS2VmS1ZIV2NIdDM5OXV5RVI0UHFCS3FjdHVvY3A4R21TaDF0QU5KKzZMekpJbXRyVi82cmZLUlgKeFhobjBSTFFpSi93SXlLdXFRQnpHaFptSm8yempvZ3hpRGRRSzBEYzBmWkg3Z2dXSHk4S3o1UFJ3a0t5RkM4NQpyV0ZuZmQ4NmVnamJRYUs0allrbXkrczJLS29nUnVLZkNkRXpUb3hhdEROZDF2c0k5VlJJL3c4QStTUFRGQTJuCjZRL01QUGw0bERTUHRDVklUbEQ0U2pLWXAzRytXeTk4U0RidXN0WENJUytPUFRqVjRnMzlJZz09Ci0tLS0tRU5EIENFUlRJRklDQVRFLS0tLS0K\n    server: https://217.16.25.13:6443\n  name: ai-issue-genius-cluster\ncontexts:\n- context:\n    cluster: ai-issue-genius-cluster\n    user: ai-issue-genius-cluster\n  name: default/ai-issue-genius-cluster\ncurrent-context: default/ai-issue-genius-cluster\nkind: Config\npreferences: {}\nusers:\n- name: ai-issue-genius-cluster\n  user:\n    exec:\n      apiVersion: client.authentication.k8s.io/v1beta1\n      args: null\n      command: client-keystone-auth\n      env:\n      - name: \"OS_AUTH_URL\"\n        value: \"https://infra.mail.ru:35357/v3/\"\n      - name: \"OS_USERNAME\"\n        value: \"fedor.buzinov@gmail.com\"\n      #- name: \"OS_PASSWORD\"\n      #  value: \"put your password here\"\n      - name: \"OS_PROJECT_ID\"\n        value: \"fd3fa9b1dc8042c8bc19f483b88c6328\"\n      - name: \"OS_DOMAIN_NAME\"\n        value: \"users\"\n      interactiveMode: IfAvailable\n      provideClusterInfo: false",
            "keypair": "",
            "labels": {},
            "loadbalancer_subnet_id": "11e939f3-4292-4389-bcdc-2a0111f59da8",
            "master_addresses": [
              "192.168.199.129"
            ],
            "master_count": 1,
            "master_flavor": "caa8a4cc-4b78-4edf-b380-c574e24c19e8",
            "name": "ai-issue-genius-cluster",
            "network_id": "31c658fc-f180-4dde-9c93-ee2933b38b91",
            "pods_network_cidr": "10.100.0.0/16",
            "project_id": null,
            "region": "RegionOne",
            "registry_auth_password": "",
            "stack_id": "",
            "status": "RUNNING",
            "subnet_id": "11e939f3-4292-4389-bcdc-2a0111f59da8",
            "sync_security_policy": false,
            "timeouts": null,
            "updated_at": "2025-09-16T16:47:58Z",
            "user_id": null
          },
          "sensitive_attributes": [],
          "identity_schema_version": 0,
          "private": "eyJlMmJmYjczMC1lY2FhLTExZTYtOGY4OC0zNDM2M2JjN2M0YzAiOnsiY3JlYXRlIjozNjAwMDAwMDAwMDAwLCJkZWxldGUiOjE4MDAwMDAwMDAwMDAsInVwZGF0ZSI6MzYwMDAwMDAwMDAwMH19",
          "dependencies": [
            "data.vkcs_compute_flavor.k8s-master-flavor",
            "data.vkcs_kubernetes_clustertemplate.k8s-template",
            "data.vkcs_networking_network.extnet",
            "vkcs_networking_network.k8s",
            "vkcs_networking_router.k8s",
            "vkcs_networking_router_interface.k8s",
            "vkcs_networking_subnet.k8s"
          ]
        }
      ]
    },
    {
      "mode": "managed",
      "type": "vkcs_kubernetes_node_group",
      "name": "k8s-node-group",
      "provider": "provider[\"registry.terraform.io/vk-cs/vkcs\"]",
      "instances": [
        {
          "schema_version": 0,
          "attributes": {
            "autoscaling_enabled": false,
            "availability_zones": [
              "MS1"
            ],
            "cluster_id": "83b1be08-0174-40d3-bde6-836f02e88821",
            "created_at": "2025-09-15T10:20:25Z",
            "flavor_id": "3be73bcf-72d8-4853-bb33-c8cbaa8a8480",
            "id": "21333c74-2a9a-4b0a-bb1d-bcf043620961",
            "labels": [
              {
                "key": "env",
                "value": "test"
              },
              {
                "key": "disktype",
                "value": "ssd"
              }
            ],
            "max_node_unavailable": 1,
            "max_nodes": 500,
            "min_nodes": 0,
            "name": "ai-issue-genius-group",
            "node_count": 1,
            "state": null,
            "taints": [],
            "timeouts": null,
            "updated_at": "0001-01-01T00:00:00Z",
            "uuid": null,
            "volume_size": 20,
            "volume_type": "ceph-ssd"
          },
          "sensitive_attributes": [],
          "identity_schema_version": 0,
          "private": "eyJlMmJmYjczMC1lY2FhLTExZTYtOGY4OC0zNDM2M2JjN2M0YzAiOnsiY3JlYXRlIjozNjAwMDAwMDAwMDAwLCJkZWxldGUiOjE4MDAwMDAwMDAwMDAsInVwZGF0ZSI6MzYwMDAwMDAwMDAwMH19",
          "dependencies": [
            "data.vkcs_compute_flavor.k8s-master-flavor",
            "data.vkcs_compute_flavor.k8s-node-group-flavor",
            "data.vkcs_kubernetes_clustertemplate.k8s-template",
            "data.vkcs_networking_network.extnet",
            "vkcs_kubernetes_cluster.k8s-cluster",
            "vkcs_networking_network.k8s",
            "vkcs_networking_router.k8s",
            "vkcs_networking_router_interface.k8s",
            "vkcs_networking_subnet.k8s"
          ]
        }
      ]
    },
    {
      "mode": "managed",
      "type": "vkcs_networking_network",
      "name": "k8s",
      "provider": "provider[\"registry.terraform.io/vk-cs/vkcs\"]",
      "instances": [
        {
          "schema_version": 0,
          "attributes": {
            "admin_state_up": true,
            "all_tags": [],
            "description": "",
            "id": "31c658fc-f180-4dde-9c93-ee2933b38b91",
            "name": "k8s-net",
            "port_security_enabled": true,
            "private_dns_domain": "mcs.local.",
            "region": "RegionOne",
            "sdn": "sprut",
            "tags": [],
            "timeouts": null,
            "value_specs": null,
            "vkcs_services_access": false
          },
          "sensitive_attributes": [],
          "identity_schema_version": 0,
          "private": "eyJlMmJmYjczMC1lY2FhLTExZTYtOGY4OC0zNDM2M2JjN2M0YzAiOnsiY3JlYXRlIjo2MDAwMDAwMDAwMDAsImRlbGV0ZSI6NjAwMDAwMDAwMDAwfX0="
        }
      ]
    },
    {
      "mode": "managed",
      "type": "vkcs_networking_router",
      "name": "k8s",
      "provider": "provider[\"registry.terraform.io/vk-cs/vkcs\"]",
      "instances": [
        {
          "schema_version": 0,
          "attributes": {
            "admin_state_up": true,
            "all_tags": [],
            "description": "",
            "external_fixed_ips": [
              {
                "ip_address": "83.166.232.205",
                "subnet_id": "6a0246a8-a117-4725-a38c-7f93952e0994"
              }
            ],
            "external_network_id": "ec8c610e-6387-447e-83d2-d2c541e88164",
            "id": "9b133976-89ba-4bcd-b949-16f8f9c7bd40",
            "name": "k8s-router",
            "region": "RegionOne",
            "sdn": "sprut",
            "tags": [],
            "timeouts": null,
            "value_specs": null,
            "vendor_options": []
          },
          "sensitive_attributes": [],
          "identity_schema_version": 0,
          "private": "eyJlMmJmYjczMC1lY2FhLTExZTYtOGY4OC0zNDM2M2JjN2M0YzAiOnsiY3JlYXRlIjo2MDAwMDAwMDAwMDAsImRlbGV0ZSI6NjAwMDAwMDAwMDAwfX0=",
          "dependencies": [
            "data.vkcs_networking_network.extnet"
          ]
        }
      ]
    },
    {
      "mode": "managed",
      "type": "vkcs_networking_router_interface",
      "name": "k8s",
      "provider": "provider[\"registry.terraform.io/vk-cs/vkcs\"]",
      "instances": [
        {
          "schema_version": 0,
          "attributes": {
            "id": "58b029d9-7d24-4f8e-92c7-0b12fc357b64",
            "port_id": "58b029d9-7d24-4f8e-92c7-0b12fc357b64",
            "region": "RegionOne",
            "router_id": "9b133976-89ba-4bcd-b949-16f8f9c7bd40",
            "sdn": "sprut",
            "subnet_id": "11e939f3-4292-4389-bcdc-2a0111f59da8",
            "timeouts": null
          },
          "sensitive_attributes": [],
          "identity_schema_version": 0,
          "private": "eyJlMmJmYjczMC1lY2FhLTExZTYtOGY4OC0zNDM2M2JjN2M0YzAiOnsiY3JlYXRlIjo2MDAwMDAwMDAwMDAsImRlbGV0ZSI6NjAwMDAwMDAwMDAwfX0=",
          "dependencies": [
            "data.vkcs_networking_network.extnet",
            "vkcs_networking_network.k8s",
            "vkcs_networking_router.k8s",
            "vkcs_networking_subnet.k8s"
          ]
        }
      ]
    },
    {
      "mode": "managed",
      "type": "vkcs_networking_subnet",
      "name": "k8s",
      "provider": "provider[\"registry.terraform.io/vk-cs/vkcs\"]",
      "instances": [
        {
          "schema_version": 0,
          "attributes": {
            "all_tags": [],
            "allocation_pool": [
              {
                "end": "192.168.199.253",
                "start": "192.168.199.1"
              }
            ],
            "cidr": "192.168.199.0/24",
            "description": "",
            "dns_nameservers": [
              "8.8.8.8",
              "8.8.4.4"
            ],
            "enable_dhcp": true,
            "gateway_ip": "192.168.199.254",
            "id": "11e939f3-4292-4389-bcdc-2a0111f59da8",
            "name": "k8s-subnet",
            "network_id": "31c658fc-f180-4dde-9c93-ee2933b38b91",
            "no_gateway": false,
            "prefix_length": null,
            "region": "RegionOne",
            "sdn": "sprut",
            "subnetpool_id": "",
            "tags": [],
            "timeouts": null,
            "value_specs": null
          },
          "sensitive_attributes": [],
          "identity_schema_version": 0,
          "private": "eyJlMmJmYjczMC1lY2FhLTExZTYtOGY4OC0zNDM2M2JjN2M0YzAiOnsiY3JlYXRlIjo2MDAwMDAwMDAwMDAsImRlbGV0ZSI6NjAwMDAwMDAwMDAwfX0=",
          "dependencies": [
            "vkcs_networking_network.k8s"
          ]
        }
      ]
    }
  ],
  "check_results": null
}
