{
  "version": 4,
  "terraform_version": "1.13.1",
  "serial": 38,
  "lineage": "a607bec6-27ea-0efd-f96e-0f7409184af1",
  "outputs": {
    "cluster_name": {
      "value": "ai-issue-genius-cluster",
      "type": "string"
    },
    "kubeconfig": {
      "value": "apiVersion: v1\nclusters:\n- cluster:\n    certificate-authority-data: LS0tLS1CRUdJTiBDRVJUSUZJQ0FURS0tLS0tCk1JSUM5VENDQWQyZ0F3SUJBZ0lSQUorM0tDN3Nwa25ib0thTEJ1dGpld293RFFZSktvWklodmNOQVFFTEJRQXcKSWpFZ01CNEdBMVVFQXd3WFlXa3RhWE56ZFdVdFoyVnVhWFZ6TFdOc2RYTjBaWEl3SGhjTk1qVXdPVEEyTWpJMApNalU0V2hjTk16QXdPVEEyTWpJME1qVTRXakFpTVNBd0hnWURWUVFEREJkaGFTMXBjM04xWlMxblpXNXBkWE10ClkyeDFjM1JsY2pDQ0FTSXdEUVlKS29aSWh2Y05BUUVCQlFBRGdnRVBBRENDQVFvQ2dnRUJBTUNTTE8vWXpGdkcKZzAwZEVJam9jTlRoSkFRSkhjbjB4NkZwa0R4dVJoa0lEZFA2SDZhZjllV0JIYlRBaTIwUjk0T3llZVMvbUZLTgptRWd1SFVzbE5ZdHdWbCtvM3hvNm1KK2JOQ1dIVHYxeWtjam1yNVhtLzlNZzNUYUxTOFZRREU5NGFPN2doSFBXClNLOXIrdEJYU1dUTllMaDY4aFltVjR3QTg4ZjkrTnpPb3FkdmdHSXd4ZFNzL1RyeXpGdklrNHl0NG41WWgwc2IKcXRvelB5ZzA4OG1sM2FCbThsZWxzU1ZKTk1xbllVSnBhMmVkbmVIeFc3NFFWVVhvbmM4QlVnQWN2Wm5vdWxBQwpuVG1vNVc3Q1k0cVBEVk96YUpOeWpNc216dzFrVVpMaTd4N0FrV2JnZ3o4RDdDWmloOGFVcDE4VjRxL2tMT3BuCjhaRWhkaU1JZVlFQ0F3RUFBYU1tTUNRd0VnWURWUjBUQVFIL0JBZ3dCZ0VCL3dJQkFEQU9CZ05WSFE4QkFmOEUKQkFNQ0FnUXdEUVlKS29aSWh2Y05BUUVMQlFBRGdnRUJBRmpxYjI4dkU3MWFPLzQ5dWtyZlZWSGZ4Y0NTS2NWTQpQTVFVbGNiV1p2emcyTGF5Rjd5TWxUdGdLbytOU2FjQW9CNXNYend3Vm5YQWlUMmEzVkRBTys5OEdJQnlEL0NxCk1CLzlKM1MyK1Yxanpmd3F4ZnhUbFlTYUZtNXZVMEpCMTk5WkI0QzlhSWdtTlZzNXJoS05sTTk4cFQxVlUvU1AKQ2EvVXB5QUFkMUhCbjFvVXRZR3IzYzV0eDZoVVFkTmVTQ3JCNThwbks2Szd2NVRNN21SMUY4bVIxVmV4QnBzSApSQUo4ckNHV0Zkcmc3REpqY083V3lmVnUvMGNNNUJuM0hDUk1GUjNaTFVXZEN1MU5HdVZXQ08wMDhKWjZWTjNqCnJvSktyeldWUi9BTUZiakl0MEFhV2Y2OHVVQXFhM1NhZG5GZDdpS0lybmhyRkxIbldVYjJHQ3M9Ci0tLS0tRU5EIENFUlRJRklDQVRFLS0tLS0K\n    server: https://217.16.27.130:6443\n  name: ai-issue-genius-cluster\ncontexts:\n- context:\n    cluster: ai-issue-genius-cluster\n    user: ai-issue-genius-cluster\n  name: default/ai-issue-genius-cluster\ncurrent-context: default/ai-issue-genius-cluster\nkind: Config\npreferences: {}\nusers:\n- name: ai-issue-genius-cluster\n  user:\n    exec:\n      apiVersion: client.authentication.k8s.io/v1beta1\n      args: null\n      command: client-keystone-auth\n      env:\n      - name: \"OS_AUTH_URL\"\n        value: \"https://infra.mail.ru:35357/v3/\"\n      - name: \"OS_USERNAME\"\n        value: \"fedor.buzinov@gmail.com\"\n      #- name: \"OS_PASSWORD\"\n      #  value: \"put your password here\"\n      - name: \"OS_PROJECT_ID\"\n        value: \"fd3fa9b1dc8042c8bc19f483b88c6328\"\n      - name: \"OS_DOMAIN_NAME\"\n        value: \"users\"\n      interactiveMode: IfAvailable\n      provideClusterInfo: false",
      "type": "string",
      "sensitive": true
    }
  },
  "resources": [
    {
      "mode": "data",
      "type": "vkcs_compute_flavor",
      "name": "k8s-master-flavor",
      "provider": "provider[\"registry.terraform.io/vk-cs/vkcs\"]",
      "instances": [
        {
          "schema_version": 0,
          "attributes": {
            "disk": 0,
            "extra_specs": {
              "agg_common": "true",
              "filter:cascadelake": "true",
              "hw:cpu_sockets": "1",
              "mcs:cpu_generation": "cascadelake-v1",
              "mcs:cpu_type": "standard"
            },
            "flavor_id": "caa8a4cc-4b78-4edf-b380-c574e24c19e8",
            "id": "caa8a4cc-4b78-4edf-b380-c574e24c19e8",
            "is_public": true,
            "min_disk": null,
            "min_ram": null,
            "name": "STD2-2-6",
            "ram": 6144,
            "region": null,
            "rx_tx_factor": 1,
            "swap": 0,
            "vcpus": 2
          },
          "sensitive_attributes": [],
          "identity_schema_version": 0
        }
      ]
    },
    {
      "mode": "data",
      "type": "vkcs_compute_flavor",
      "name": "k8s-node-group-flavor",
      "provider": "provider[\"registry.terraform.io/vk-cs/vkcs\"]",
      "instances": [
        {
          "schema_version": 0,
          "attributes": {
            "disk": 0,
            "extra_specs": {
              "agg_common": "true",
              "filter:cascadelake": "true",
              "hw:cpu_sockets": "1",
              "mcs:cpu_generation": "cascadelake-v1",
              "mcs:cpu_type": "standard"
            },
            "flavor_id": "3be73bcf-72d8-4853-bb33-c8cbaa8a8480",
            "id": "3be73bcf-72d8-4853-bb33-c8cbaa8a8480",
            "is_public": true,
            "min_disk": null,
            "min_ram": null,
            "name": "STD2-2-4",
            "ram": 4096,
            "region": null,
            "rx_tx_factor": 1,
            "swap": 0,
            "vcpus": 2
          },
          "sensitive_attributes": [],
          "identity_schema_version": 0
        }
      ]
    },
    {
      "mode": "data",
      "type": "vkcs_kubernetes_cluster",
      "name": "k8s-cluster",
      "provider": "provider[\"registry.terraform.io/vk-cs/vkcs\"]",
      "instances": [
        {
          "schema_version": 0,
          "attributes": {
            "api_address": "https://217.16.27.130:6443",
            "api_lb_fip": "217.16.27.130",
            "api_lb_vip": "192.168.199.74",
            "availability_zone": "MS1",
            "availability_zones": [
              "MS1"
            ],
            "cluster_id": "3349e642-9e91-459d-b1bf-12654379ccca",
            "cluster_template_id": "53bd4047-6942-44af-84c1-c814776af788",
            "cluster_type": "standard",
            "created_at": "2025-09-07T19:42:54Z",
            "discovery_url": "",
            "dns_domain": "cluster.local",
            "floating_ip_enabled": true,
            "id": "3349e642-9e91-459d-b1bf-12654379ccca",
            "ingress_floating_ip": "",
            "insecure_registries": [],
            "k8s_config": "apiVersion: v1\nclusters:\n- cluster:\n    certificate-authority-data: LS0tLS1CRUdJTiBDRVJUSUZJQ0FURS0tLS0tCk1JSUM5VENDQWQyZ0F3SUJBZ0lSQUorM0tDN3Nwa25ib0thTEJ1dGpld293RFFZSktvWklodmNOQVFFTEJRQXcKSWpFZ01CNEdBMVVFQXd3WFlXa3RhWE56ZFdVdFoyVnVhWFZ6TFdOc2RYTjBaWEl3SGhjTk1qVXdPVEEyTWpJMApNalU0V2hjTk16QXdPVEEyTWpJME1qVTRXakFpTVNBd0hnWURWUVFEREJkaGFTMXBjM04xWlMxblpXNXBkWE10ClkyeDFjM1JsY2pDQ0FTSXdEUVlKS29aSWh2Y05BUUVCQlFBRGdnRVBBRENDQVFvQ2dnRUJBTUNTTE8vWXpGdkcKZzAwZEVJam9jTlRoSkFRSkhjbjB4NkZwa0R4dVJoa0lEZFA2SDZhZjllV0JIYlRBaTIwUjk0T3llZVMvbUZLTgptRWd1SFVzbE5ZdHdWbCtvM3hvNm1KK2JOQ1dIVHYxeWtjam1yNVhtLzlNZzNUYUxTOFZRREU5NGFPN2doSFBXClNLOXIrdEJYU1dUTllMaDY4aFltVjR3QTg4ZjkrTnpPb3FkdmdHSXd4ZFNzL1RyeXpGdklrNHl0NG41WWgwc2IKcXRvelB5ZzA4OG1sM2FCbThsZWxzU1ZKTk1xbllVSnBhMmVkbmVIeFc3NFFWVVhvbmM4QlVnQWN2Wm5vdWxBQwpuVG1vNVc3Q1k0cVBEVk96YUpOeWpNc216dzFrVVpMaTd4N0FrV2JnZ3o4RDdDWmloOGFVcDE4VjRxL2tMT3BuCjhaRWhkaU1JZVlFQ0F3RUFBYU1tTUNRd0VnWURWUjBUQVFIL0JBZ3dCZ0VCL3dJQkFEQU9CZ05WSFE4QkFmOEUKQkFNQ0FnUXdEUVlKS29aSWh2Y05BUUVMQlFBRGdnRUJBRmpxYjI4dkU3MWFPLzQ5dWtyZlZWSGZ4Y0NTS2NWTQpQTVFVbGNiV1p2emcyTGF5Rjd5TWxUdGdLbytOU2FjQW9CNXNYend3Vm5YQWlUMmEzVkRBTys5OEdJQnlEL0NxCk1CLzlKM1MyK1Yxanpmd3F4ZnhUbFlTYUZtNXZVMEpCMTk5WkI0QzlhSWdtTlZzNXJoS05sTTk4cFQxVlUvU1AKQ2EvVXB5QUFkMUhCbjFvVXRZR3IzYzV0eDZoVVFkTmVTQ3JCNThwbks2Szd2NVRNN21SMUY4bVIxVmV4QnBzSApSQUo4ckNHV0Zkcmc3REpqY083V3lmVnUvMGNNNUJuM0hDUk1GUjNaTFVXZEN1MU5HdVZXQ08wMDhKWjZWTjNqCnJvSktyeldWUi9BTUZiakl0MEFhV2Y2OHVVQXFhM1NhZG5GZDdpS0lybmhyRkxIbldVYjJHQ3M9Ci0tLS0tRU5EIENFUlRJRklDQVRFLS0tLS0K\n    server: https://217.16.27.130:6443\n  name: ai-issue-genius-cluster\ncontexts:\n- context:\n    cluster: ai-issue-genius-cluster\n    user: ai-issue-genius-cluster\n  name: default/ai-issue-genius-cluster\ncurrent-context: default/ai-issue-genius-cluster\nkind: Config\npreferences: {}\nusers:\n- name: ai-issue-genius-cluster\n  user:\n    exec:\n      apiVersion: client.authentication.k8s.io/v1beta1\n      args: null\n      command: client-keystone-auth\n      env:\n      - name: \"OS_AUTH_URL\"\n        value: \"https://infra.mail.ru:35357/v3/\"\n      - name: \"OS_USERNAME\"\n        value: \"fedor.buzinov@gmail.com\"\n      #- name: \"OS_PASSWORD\"\n      #  value: \"put your password here\"\n      - name: \"OS_PROJECT_ID\"\n        value: \"fd3fa9b1dc8042c8bc19f483b88c6328\"\n      - name: \"OS_DOMAIN_NAME\"\n        value: \"users\"\n      interactiveMode: IfAvailable\n      provideClusterInfo: false",
            "keypair": "",
            "labels": {
              "calico_ipv4pool": "10.100.0.0/16",
              "cgroup_driver": "systemd",
              "container_infra_prefix": "registry.infra.mail.ru:5010/",
              "kube_core_tag": "1.31.4-mcs.1",
              "task_support": "true"
            },
            "loadbalancer_subnet_id": "827b05e2-d628-4f9d-aafa-7e1dcd7ac6a8",
            "master_addresses": [
              "192.168.199.129"
            ],
            "master_count": 1,
            "master_flavor": "caa8a4cc-4b78-4edf-b380-c574e24c19e8",
            "name": "ai-issue-genius-cluster",
            "network_id": "e3e444bc-eb82-4650-90bd-6531aa99c462",
            "pods_network_cidr": "10.100.0.0/16",
            "project_id": "fd3fa9b1dc8042c8bc19f483b88c6328",
            "region": "RegionOne",
            "registry_auth_password": "",
            "stack_id": "",
            "status": "RUNNING",
            "subnet_id": "827b05e2-d628-4f9d-aafa-7e1dcd7ac6a8",
            "sync_security_policy": false,
            "updated_at": "2025-09-07T19:52:21Z",
            "user_id": ""
          },
          "sensitive_attributes": [],
          "identity_schema_version": 0
        }
      ]
    },
    {
      "mode": "data",
      "type": "vkcs_kubernetes_clustertemplate",
      "name": "k8s-template",
      "provider": "provider[\"registry.terraform.io/vk-cs/vkcs\"]",
      "instances": [
        {
          "schema_version": 0,
          "attributes": {
            "apiserver_port": 0,
            "cluster_distro": "almalinux",
            "cluster_template_uuid": "53bd4047-6942-44af-84c1-c814776af788",
            "created_at": "2025-02-17T13:16:36Z",
            "deprecated_at": "2026-04-14T14:21:08Z",
            "dns_nameserver": "",
            "docker_storage_driver": "",
            "docker_volume_size": 0,
            "external_network_id": "298117ae-3fa4-4109-9e08-8be5602be5a2",
            "flavor": "",
            "floating_ip_enabled": true,
            "id": "53bd4047-6942-44af-84c1-c814776af788",
            "image": "d90b75c2-1120-4059-b92e-d124a131f5d6",
            "insecure_registry": "",
            "keypair_id": "",
            "labels": {
              "calico_ipv4pool": "10.100.0.0/16",
              "cgroup_driver": "systemd",
              "container_infra_prefix": "registry.infra.mail.ru:5010/",
              "kube_core_tag": "1.31.4-mcs.1",
              "task_support": "true"
            },
            "master_flavor": "8b64c09b-7141-41ad-a81e-9f5a8dbbd87e",
            "master_lb_enabled": true,
            "name": "Kubernetes-almalinux-v1.31.4-mcs.1",
            "network_driver": "calico",
            "no_proxy": "",
            "project_id": "",
            "public": true,
            "region": "RegionOne",
            "registry_enabled": false,
            "server_type": "vm",
            "tls_disabled": false,
            "updated_at": "2025-08-21T10:53:26Z",
            "user_id": "",
            "version": "1.31",
            "volume_driver": ""
          },
          "sensitive_attributes": [],
          "identity_schema_version": 0
        }
      ]
    },
    {
      "mode": "data",
      "type": "vkcs_networking_network",
      "name": "extnet",
      "provider": "provider[\"registry.terraform.io/vk-cs/vkcs\"]",
      "instances": [
        {
          "schema_version": 0,
          "attributes": {
            "admin_state_up": "true",
            "all_tags": [
              "red"
            ],
            "description": "",
            "external": true,
            "id": "ec8c610e-6387-447e-83d2-d2c541e88164",
            "matching_subnet_cidr": null,
            "name": "internet",
            "network_id": "ec8c610e-6387-447e-83d2-d2c541e88164",
            "private_dns_domain": "",
            "region": "RegionOne",
            "sdn": "sprut",
            "shared": "true",
            "status": null,
            "subnets": [
              "09dad209-7765-4845-9fd1-d49f8ff0f66e",
              "0a0ac2d6-871b-4fbc-b408-298ccbed3f51",
              "0bf794b5-470c-4a01-be49-bbc2f849a88f",
              "1a8fc312-df60-438f-8946-635a138ef0cb",
              "1c623b92-146c-46a6-9ffd-fa69eb2239b7",
              "28085d45-65a7-4a37-b15f-55dffa9dcb7b",
              "2b017844-a61c-4087-8e74-cc6972f52a77",
              "2ea7332d-4ad2-4341-8bc5-76937d4894f4",
              "4516f4ad-3b84-402b-923a-88864bfa20b8",
              "4634d136-1553-45e0-9e00-49393022c5ac",
              "4675a124-2b97-4e75-8f23-82dc7d53c820",
              "4a6a7814-8ea3-402c-b0c7-333c332af113",
              "4bb55beb-0650-4d60-a3a0-8a38210440d7",
              "533a9238-075e-43b6-a3d0-dc1a4c1fe00d",
              "6a0246a8-a117-4725-a38c-7f93952e0994",
              "6ef2517a-2d28-43bd-9df2-ee70cafdc141",
              "72427904-ed22-4a74-b718-a33567991d44",
              "7b0efc8a-c181-4e02-9fb1-31fa4eecc693",
              "8210deff-3c76-4d53-b9b8-c83e0f8774c9",
              "8b39b012-cc62-4c74-ba00-41aa86733bcd",
              "94319a0a-80be-4a90-8312-58dc5c6ad373",
              "9434a136-e928-4fd4-816a-24016025fa10",
              "96ca0921-defc-4571-b5e1-38a9732a7093",
              "abdc8333-6aee-48e1-9936-ac44d36bfb1b",
              "b017f958-47c3-47f5-9b87-8f11b847d4c6",
              "b12dd40c-f688-4d97-9a2a-09858cbf2be8",
              "b1909020-40b7-42d7-b9fa-1824f08943cd",
              "b1afddc6-aee5-42ef-9381-029d2d4d9025",
              "b3899b8b-8fae-401b-8e8d-fc99dd404e9b",
              "b8a8d5d3-977b-46f4-82b2-dbff91c4fe6e",
              "bc0d91ec-1c4b-427b-97c8-7d645ccc506b",
              "c3a71dad-ebf8-467c-8375-9c6294a54859",
              "ce5f81a2-09c4-41cd-9372-1f75c39e5a49",
              "d1305dae-0d6e-4c9a-860c-b6a86f861530",
              "d16bbc0a-1d27-4315-bb59-bd8939e4bf02",
              "d3d27388-583c-4d6c-9f9e-b682b3b2a59e",
              "db5aaef4-7edf-4f93-9fab-e09c3ac2ffba",
              "e0a3358b-b37e-4e1e-b811-1d75c68f6390",
              "e45db33a-81e0-413f-a910-ac8e796ef3c6",
              "fd9e947b-d940-4af7-9579-33cbd08e5e37"
            ],
            "tags": null,
            "tenant_id": "9d013ed7c41e4bf38dd91f899e40185a",
            "vkcs_services_access": false
          },
          "sensitive_attributes": [],
          "identity_schema_version": 0
        }
      ]
    },
    {
      "mode": "managed",
      "type": "kubernetes_config_map_v1",
      "name": "postgres_init_script",
      "provider": "provider[\"registry.terraform.io/hashicorp/kubernetes\"]",
      "instances": [
        {
          "schema_version": 0,
          "attributes": {
            "binary_data": null,
            "data": {
              "prepare_database.sql": "CREATE DATABASE ai_issue_genius;\nCREATE USER ai_issue_genius WITH PASSWORD 'ai_issue_genius';\nALTER USER ai_issue_genius WITH SUPERUSER;\n\n\\c ai_issue_genius\n\n-- Сначала создаем таблицу от имени postgres пользователя\nCREATE TABLE logs (\n    id BIGSERIAL PRIMARY KEY,\n    timestamp TIMESTAMP WITH TIME ZONE DEFAULT CURRENT_TIMESTAMP,\n    service VARCHAR(100) NOT NULL,\n    log JSONB,\n    ai_analysis JSONB,\n    analysis_time TIMESTAMP WITH TIME ZONE\n);\n\n-- Создаем индексы\nCREATE INDEX IF NOT EXISTS idx_logs_timestamp ON logs(timestamp);\nCREATE INDEX IF NOT EXISTS idx_logs_service ON logs(service);\nCREATE INDEX IF NOT EXISTS idx_logs_analysis_time ON logs(analysis_time);\n\n-- Предоставляем права пользователю ai_issue_genius\nGRANT ALL PRIVILEGES ON TABLE logs TO ai_issue_genius;\nGRANT ALL PRIVILEGES ON SEQUENCE logs_id_seq TO ai_issue_genius;\nGRANT USAGE ON SCHEMA public TO ai_issue_genius;\n\n\nCREATE TABLE users (\n    id SERIAL PRIMARY KEY,\n    email VARCHAR(255) UNIQUE NOT NULL,\n    password_hash VARCHAR(255) NOT NULL,\n    created_at TIMESTAMP DEFAULT CURRENT_TIMESTAMP,\n    is_active BOOLEAN DEFAULT TRUE\n);\n\nCREATE INDEX idx_users_email ON users(email);\nCREATE INDEX idx_users_active ON users(is_active);"
            },
            "id": "ai-issue-genius/postgres-init-script",
            "immutable": false,
            "metadata": [
              {
                "annotations": null,
                "generate_name": "",
                "generation": 0,
                "labels": null,
                "name": "postgres-init-script",
                "namespace": "ai-issue-genius",
                "resource_version": "8319",
                "uid": "37453c66-127a-4443-80f4-c52400d5c0f3"
              }
            ]
          },
          "sensitive_attributes": [],
          "identity_schema_version": 1,
          "identity": {
            "api_version": "v1",
            "kind": "ConfigMap",
            "name": "postgres-init-script",
            "namespace": "ai-issue-genius"
          },
          "private": "bnVsbA==",
          "dependencies": [
            "data.vkcs_compute_flavor.k8s-master-flavor",
            "data.vkcs_kubernetes_cluster.k8s-cluster",
            "data.vkcs_kubernetes_clustertemplate.k8s-template",
            "data.vkcs_networking_network.extnet",
            "kubernetes_namespace_v1.ai_issue_genius_ns",
            "vkcs_kubernetes_cluster.k8s-cluster",
            "vkcs_networking_network.k8s",
            "vkcs_networking_router.k8s",
            "vkcs_networking_router_interface.k8s",
            "vkcs_networking_subnet.k8s"
          ]
        }
      ]
    },
    {
      "mode": "managed",
      "type": "kubernetes_deployment_v1",
      "name": "ai_issue_genius_agent",
      "provider": "provider[\"registry.terraform.io/hashicorp/kubernetes\"]",
      "instances": [
        {
          "status": "tainted",
          "schema_version": 1,
          "attributes": {
            "id": "ai-issue-genius/ai-issue-genius-agent",
            "metadata": [
              {
                "annotations": null,
                "generate_name": "",
                "generation": 0,
                "labels": {
                  "app": "ai-issue-genius-agent"
                },
                "name": "ai-issue-genius-agent",
                "namespace": "ai-issue-genius",
                "resource_version": "",
                "uid": ""
              }
            ],
            "spec": [
              {
                "min_ready_seconds": 0,
                "paused": false,
                "progress_deadline_seconds": 600,
                "replicas": "1",
                "revision_history_limit": 10,
                "selector": [
                  {
                    "match_expressions": [],
                    "match_labels": {
                      "app": "ai-issue-genius-agent"
                    }
                  }
                ],
                "strategy": [],
                "template": [
                  {
                    "metadata": [
                      {
                        "annotations": null,
                        "generate_name": "",
                        "generation": 0,
                        "labels": {
                          "app": "ai-issue-genius-agent"
                        },
                        "name": "",
                        "namespace": "",
                        "resource_version": "",
                        "uid": ""
                      }
                    ],
                    "spec": [
                      {
                        "active_deadline_seconds": 0,
                        "affinity": [],
                        "automount_service_account_token": true,
                        "container": [
                          {
                            "args": null,
                            "command": null,
                            "env": [
                              {
                                "name": "SERVER_URL",
                                "value": "http://ai-issue-genius-server-service:80",
                                "value_from": []
                              }
                            ],
                            "env_from": [],
                            "image": "registry.gitlab.com/ai8595334/ai-issue-genius/ai-issue-genius-agent",
                            "image_pull_policy": "",
                            "lifecycle": [],
                            "liveness_probe": [],
                            "name": "agent",
                            "port": [],
                            "readiness_probe": [],
                            "resources": [],
                            "security_context": [],
                            "startup_probe": [],
                            "stdin": false,
                            "stdin_once": false,
                            "termination_message_path": "/dev/termination-log",
                            "termination_message_policy": "",
                            "tty": false,
                            "volume_device": [],
                            "volume_mount": [],
                            "working_dir": ""
                          }
                        ],
                        "dns_config": [],
                        "dns_policy": "ClusterFirst",
                        "enable_service_links": true,
                        "host_aliases": [],
                        "host_ipc": false,
                        "host_network": false,
                        "host_pid": false,
                        "hostname": "",
                        "image_pull_secrets": [],
                        "init_container": [],
                        "node_name": "",
                        "node_selector": null,
                        "os": [],
                        "priority_class_name": "",
                        "readiness_gate": [],
                        "restart_policy": "Always",
                        "runtime_class_name": "",
                        "scheduler_name": "",
                        "security_context": [],
                        "service_account_name": "",
                        "share_process_namespace": false,
                        "subdomain": "",
                        "termination_grace_period_seconds": 30,
                        "toleration": [],
                        "topology_spread_constraint": [],
                        "volume": []
                      }
                    ]
                  }
                ]
              }
            ],
            "timeouts": null,
            "wait_for_rollout": true
          },
          "sensitive_attributes": [],
          "identity_schema_version": 1,
          "identity": {
            "api_version": null,
            "kind": null,
            "name": null,
            "namespace": null
          },
          "private": "eyJlMmJmYjczMC1lY2FhLTExZTYtOGY4OC0zNDM2M2JjN2M0YzAiOnsiY3JlYXRlIjo2MDAwMDAwMDAwMDAsImRlbGV0ZSI6NjAwMDAwMDAwMDAwLCJ1cGRhdGUiOjYwMDAwMDAwMDAwMH0sInNjaGVtYV92ZXJzaW9uIjoiMSJ9",
          "dependencies": [
            "data.vkcs_compute_flavor.k8s-master-flavor",
            "data.vkcs_kubernetes_cluster.k8s-cluster",
            "data.vkcs_kubernetes_clustertemplate.k8s-template",
            "data.vkcs_networking_network.extnet",
            "kubernetes_namespace_v1.ai_issue_genius_ns",
            "vkcs_kubernetes_cluster.k8s-cluster",
            "vkcs_networking_network.k8s",
            "vkcs_networking_router.k8s",
            "vkcs_networking_router_interface.k8s",
            "vkcs_networking_subnet.k8s"
          ]
        }
      ]
    },
    {
      "mode": "managed",
      "type": "kubernetes_namespace_v1",
      "name": "ai_issue_genius_ns",
      "provider": "provider[\"registry.terraform.io/hashicorp/kubernetes\"]",
      "instances": [
        {
          "schema_version": 0,
          "attributes": {
            "id": "ai-issue-genius",
            "metadata": [
              {
                "annotations": null,
                "generate_name": "",
                "generation": 0,
                "labels": null,
                "name": "ai-issue-genius",
                "resource_version": "8316",
                "uid": "7a29bc9c-84da-4087-9f97-ee655dd3aa4e"
              }
            ],
            "timeouts": null,
            "wait_for_default_service_account": false
          },
          "sensitive_attributes": [],
          "identity_schema_version": 1,
          "identity": {
            "api_version": "v1",
            "kind": "Namespace",
            "name": "ai-issue-genius"
          },
          "private": "eyJlMmJmYjczMC1lY2FhLTExZTYtOGY4OC0zNDM2M2JjN2M0YzAiOnsiZGVsZXRlIjozMDAwMDAwMDAwMDB9fQ==",
          "dependencies": [
            "data.vkcs_compute_flavor.k8s-master-flavor",
            "data.vkcs_kubernetes_cluster.k8s-cluster",
            "data.vkcs_kubernetes_clustertemplate.k8s-template",
            "data.vkcs_networking_network.extnet",
            "vkcs_kubernetes_cluster.k8s-cluster",
            "vkcs_networking_network.k8s",
            "vkcs_networking_router.k8s",
            "vkcs_networking_router_interface.k8s",
            "vkcs_networking_subnet.k8s"
          ]
        }
      ]
    },
    {
      "mode": "managed",
      "type": "kubernetes_persistent_volume_claim_v1",
      "name": "postgres_pvc",
      "provider": "provider[\"registry.terraform.io/hashicorp/kubernetes\"]",
      "instances": [
        {
          "status": "tainted",
          "schema_version": 0,
          "attributes": {
            "id": "ai-issue-genius/postgres-pvc",
            "metadata": [
              {
                "annotations": null,
                "generate_name": "",
                "generation": 0,
                "labels": null,
                "name": "postgres-pvc",
                "namespace": "ai-issue-genius",
                "resource_version": "",
                "uid": ""
              }
            ],
            "spec": [
              {
                "access_modes": [
                  "ReadWriteOnce"
                ],
                "resources": [
                  {
                    "limits": null,
                    "requests": {
                      "storage": "10Gi"
                    }
                  }
                ],
                "selector": [],
                "storage_class_name": "",
                "volume_mode": "",
                "volume_name": ""
              }
            ],
            "timeouts": null,
            "wait_until_bound": true
          },
          "sensitive_attributes": [],
          "identity_schema_version": 0,
          "private": "eyJlMmJmYjczMC1lY2FhLTExZTYtOGY4OC0zNDM2M2JjN2M0YzAiOnsiY3JlYXRlIjozMDAwMDAwMDAwMDB9fQ==",
          "dependencies": [
            "data.vkcs_compute_flavor.k8s-master-flavor",
            "data.vkcs_kubernetes_cluster.k8s-cluster",
            "data.vkcs_kubernetes_clustertemplate.k8s-template",
            "data.vkcs_networking_network.extnet",
            "kubernetes_namespace_v1.ai_issue_genius_ns",
            "vkcs_kubernetes_cluster.k8s-cluster",
            "vkcs_networking_network.k8s",
            "vkcs_networking_router.k8s",
            "vkcs_networking_router_interface.k8s",
            "vkcs_networking_subnet.k8s"
          ]
        }
      ]
    },
    {
      "mode": "managed",
      "type": "vkcs_kubernetes_cluster",
      "name": "k8s-cluster",
      "provider": "provider[\"registry.terraform.io/vk-cs/vkcs\"]",
      "instances": [
        {
          "schema_version": 0,
          "attributes": {
            "all_labels": {
              "calico_ipv4pool": "10.100.0.0/16",
              "cgroup_driver": "systemd",
              "container_infra_prefix": "registry.infra.mail.ru:5010/",
              "kube_core_tag": "1.31.4-mcs.1",
              "task_support": "true"
            },
            "api_address": "https://217.16.27.130:6443",
            "api_lb_fip": "217.16.27.130",
            "api_lb_vip": "192.168.199.74",
            "availability_zone": "MS1",
            "availability_zones": [
              "MS1"
            ],
            "cluster_template_id": "53bd4047-6942-44af-84c1-c814776af788",
            "cluster_type": "standard",
            "created_at": "2025-09-07T19:42:54Z",
            "dns_domain": "cluster.local",
            "external_network_id": "ec8c610e-6387-447e-83d2-d2c541e88164",
            "floating_ip_enabled": true,
            "id": "3349e642-9e91-459d-b1bf-12654379ccca",
            "ingress_floating_ip": "",
            "insecure_registries": [],
            "k8s_config": "apiVersion: v1\nclusters:\n- cluster:\n    certificate-authority-data: LS0tLS1CRUdJTiBDRVJUSUZJQ0FURS0tLS0tCk1JSUM5VENDQWQyZ0F3SUJBZ0lSQUorM0tDN3Nwa25ib0thTEJ1dGpld293RFFZSktvWklodmNOQVFFTEJRQXcKSWpFZ01CNEdBMVVFQXd3WFlXa3RhWE56ZFdVdFoyVnVhWFZ6TFdOc2RYTjBaWEl3SGhjTk1qVXdPVEEyTWpJMApNalU0V2hjTk16QXdPVEEyTWpJME1qVTRXakFpTVNBd0hnWURWUVFEREJkaGFTMXBjM04xWlMxblpXNXBkWE10ClkyeDFjM1JsY2pDQ0FTSXdEUVlKS29aSWh2Y05BUUVCQlFBRGdnRVBBRENDQVFvQ2dnRUJBTUNTTE8vWXpGdkcKZzAwZEVJam9jTlRoSkFRSkhjbjB4NkZwa0R4dVJoa0lEZFA2SDZhZjllV0JIYlRBaTIwUjk0T3llZVMvbUZLTgptRWd1SFVzbE5ZdHdWbCtvM3hvNm1KK2JOQ1dIVHYxeWtjam1yNVhtLzlNZzNUYUxTOFZRREU5NGFPN2doSFBXClNLOXIrdEJYU1dUTllMaDY4aFltVjR3QTg4ZjkrTnpPb3FkdmdHSXd4ZFNzL1RyeXpGdklrNHl0NG41WWgwc2IKcXRvelB5ZzA4OG1sM2FCbThsZWxzU1ZKTk1xbllVSnBhMmVkbmVIeFc3NFFWVVhvbmM4QlVnQWN2Wm5vdWxBQwpuVG1vNVc3Q1k0cVBEVk96YUpOeWpNc216dzFrVVpMaTd4N0FrV2JnZ3o4RDdDWmloOGFVcDE4VjRxL2tMT3BuCjhaRWhkaU1JZVlFQ0F3RUFBYU1tTUNRd0VnWURWUjBUQVFIL0JBZ3dCZ0VCL3dJQkFEQU9CZ05WSFE4QkFmOEUKQkFNQ0FnUXdEUVlKS29aSWh2Y05BUUVMQlFBRGdnRUJBRmpxYjI4dkU3MWFPLzQ5dWtyZlZWSGZ4Y0NTS2NWTQpQTVFVbGNiV1p2emcyTGF5Rjd5TWxUdGdLbytOU2FjQW9CNXNYend3Vm5YQWlUMmEzVkRBTys5OEdJQnlEL0NxCk1CLzlKM1MyK1Yxanpmd3F4ZnhUbFlTYUZtNXZVMEpCMTk5WkI0QzlhSWdtTlZzNXJoS05sTTk4cFQxVlUvU1AKQ2EvVXB5QUFkMUhCbjFvVXRZR3IzYzV0eDZoVVFkTmVTQ3JCNThwbks2Szd2NVRNN21SMUY4bVIxVmV4QnBzSApSQUo4ckNHV0Zkcmc3REpqY083V3lmVnUvMGNNNUJuM0hDUk1GUjNaTFVXZEN1MU5HdVZXQ08wMDhKWjZWTjNqCnJvSktyeldWUi9BTUZiakl0MEFhV2Y2OHVVQXFhM1NhZG5GZDdpS0lybmhyRkxIbldVYjJHQ3M9Ci0tLS0tRU5EIENFUlRJRklDQVRFLS0tLS0K\n    server: https://217.16.27.130:6443\n  name: ai-issue-genius-cluster\ncontexts:\n- context:\n    cluster: ai-issue-genius-cluster\n    user: ai-issue-genius-cluster\n  name: default/ai-issue-genius-cluster\ncurrent-context: default/ai-issue-genius-cluster\nkind: Config\npreferences: {}\nusers:\n- name: ai-issue-genius-cluster\n  user:\n    exec:\n      apiVersion: client.authentication.k8s.io/v1beta1\n      args: null\n      command: client-keystone-auth\n      env:\n      - name: \"OS_AUTH_URL\"\n        value: \"https://infra.mail.ru:35357/v3/\"\n      - name: \"OS_USERNAME\"\n        value: \"fedor.buzinov@gmail.com\"\n      #- name: \"OS_PASSWORD\"\n      #  value: \"put your password here\"\n      - name: \"OS_PROJECT_ID\"\n        value: \"fd3fa9b1dc8042c8bc19f483b88c6328\"\n      - name: \"OS_DOMAIN_NAME\"\n        value: \"users\"\n      interactiveMode: IfAvailable\n      provideClusterInfo: false",
            "keypair": "",
            "labels": {},
            "loadbalancer_subnet_id": "827b05e2-d628-4f9d-aafa-7e1dcd7ac6a8",
            "master_addresses": [
              "192.168.199.129"
            ],
            "master_count": 1,
            "master_flavor": "caa8a4cc-4b78-4edf-b380-c574e24c19e8",
            "name": "ai-issue-genius-cluster",
            "network_id": "e3e444bc-eb82-4650-90bd-6531aa99c462",
            "pods_network_cidr": "10.100.0.0/16",
            "project_id": null,
            "region": "RegionOne",
            "registry_auth_password": "",
            "stack_id": "",
            "status": "RUNNING",
            "subnet_id": "827b05e2-d628-4f9d-aafa-7e1dcd7ac6a8",
            "sync_security_policy": false,
            "timeouts": null,
            "updated_at": "2025-09-07T19:52:21Z",
            "user_id": null
          },
          "sensitive_attributes": [],
          "identity_schema_version": 0,
          "private": "eyJlMmJmYjczMC1lY2FhLTExZTYtOGY4OC0zNDM2M2JjN2M0YzAiOnsiY3JlYXRlIjozNjAwMDAwMDAwMDAwLCJkZWxldGUiOjE4MDAwMDAwMDAwMDAsInVwZGF0ZSI6MzYwMDAwMDAwMDAwMH19",
          "dependencies": [
            "data.vkcs_compute_flavor.k8s-master-flavor",
            "data.vkcs_kubernetes_clustertemplate.k8s-template",
            "data.vkcs_networking_network.extnet",
            "vkcs_networking_network.k8s",
            "vkcs_networking_router.k8s",
            "vkcs_networking_router_interface.k8s",
            "vkcs_networking_subnet.k8s"
          ]
        }
      ]
    },
    {
      "mode": "managed",
      "type": "vkcs_kubernetes_node_group",
      "name": "k8s-node-group",
      "provider": "provider[\"registry.terraform.io/vk-cs/vkcs\"]",
      "instances": [
        {
          "schema_version": 0,
          "attributes": {
            "autoscaling_enabled": false,
            "availability_zones": [
              "MS1"
            ],
            "cluster_id": "3349e642-9e91-459d-b1bf-12654379ccca",
            "created_at": "2025-09-07T19:50:19Z",
            "flavor_id": "3be73bcf-72d8-4853-bb33-c8cbaa8a8480",
            "id": "aa4ebc57-4c2d-49f0-a8dd-7bd0a4ff99e6",
            "labels": [
              {
                "key": "env",
                "value": "test"
              },
              {
                "key": "disktype",
                "value": "ssd"
              }
            ],
            "max_node_unavailable": 1,
            "max_nodes": 500,
            "min_nodes": 0,
            "name": "ai-issue-genius-group",
            "node_count": 1,
            "state": null,
            "taints": [],
            "timeouts": null,
            "updated_at": "0001-01-01T00:00:00Z",
            "uuid": null,
            "volume_size": 20,
            "volume_type": "ceph-ssd"
          },
          "sensitive_attributes": [],
          "identity_schema_version": 0,
          "private": "eyJlMmJmYjczMC1lY2FhLTExZTYtOGY4OC0zNDM2M2JjN2M0YzAiOnsiY3JlYXRlIjozNjAwMDAwMDAwMDAwLCJkZWxldGUiOjE4MDAwMDAwMDAwMDAsInVwZGF0ZSI6MzYwMDAwMDAwMDAwMH19",
          "dependencies": [
            "data.vkcs_compute_flavor.k8s-master-flavor",
            "data.vkcs_compute_flavor.k8s-node-group-flavor",
            "data.vkcs_kubernetes_clustertemplate.k8s-template",
            "data.vkcs_networking_network.extnet",
            "vkcs_kubernetes_cluster.k8s-cluster",
            "vkcs_networking_network.k8s",
            "vkcs_networking_router.k8s",
            "vkcs_networking_router_interface.k8s",
            "vkcs_networking_subnet.k8s"
          ]
        }
      ]
    },
    {
      "mode": "managed",
      "type": "vkcs_networking_network",
      "name": "k8s",
      "provider": "provider[\"registry.terraform.io/vk-cs/vkcs\"]",
      "instances": [
        {
          "schema_version": 0,
          "attributes": {
            "admin_state_up": true,
            "all_tags": [],
            "description": "",
            "id": "e3e444bc-eb82-4650-90bd-6531aa99c462",
            "name": "k8s-net",
            "port_security_enabled": true,
            "private_dns_domain": "mcs.local.",
            "region": "RegionOne",
            "sdn": "sprut",
            "tags": [],
            "timeouts": null,
            "value_specs": null,
            "vkcs_services_access": false
          },
          "sensitive_attributes": [],
          "identity_schema_version": 0,
          "private": "eyJlMmJmYjczMC1lY2FhLTExZTYtOGY4OC0zNDM2M2JjN2M0YzAiOnsiY3JlYXRlIjo2MDAwMDAwMDAwMDAsImRlbGV0ZSI6NjAwMDAwMDAwMDAwfX0="
        }
      ]
    },
    {
      "mode": "managed",
      "type": "vkcs_networking_router",
      "name": "k8s",
      "provider": "provider[\"registry.terraform.io/vk-cs/vkcs\"]",
      "instances": [
        {
          "schema_version": 0,
          "attributes": {
            "admin_state_up": true,
            "all_tags": [],
            "description": "",
            "external_fixed_ips": [
              {
                "ip_address": "217.16.27.12",
                "subnet_id": "8210deff-3c76-4d53-b9b8-c83e0f8774c9"
              }
            ],
            "external_network_id": "ec8c610e-6387-447e-83d2-d2c541e88164",
            "id": "e8cd4cc1-219c-4f04-8971-1bf153204897",
            "name": "k8s-router",
            "region": "RegionOne",
            "sdn": "sprut",
            "tags": [],
            "timeouts": null,
            "value_specs": null,
            "vendor_options": []
          },
          "sensitive_attributes": [],
          "identity_schema_version": 0,
          "private": "eyJlMmJmYjczMC1lY2FhLTExZTYtOGY4OC0zNDM2M2JjN2M0YzAiOnsiY3JlYXRlIjo2MDAwMDAwMDAwMDAsImRlbGV0ZSI6NjAwMDAwMDAwMDAwfX0=",
          "dependencies": [
            "data.vkcs_networking_network.extnet"
          ]
        }
      ]
    },
    {
      "mode": "managed",
      "type": "vkcs_networking_router_interface",
      "name": "k8s",
      "provider": "provider[\"registry.terraform.io/vk-cs/vkcs\"]",
      "instances": [
        {
          "schema_version": 0,
          "attributes": {
            "id": "1e503e8b-5536-4a67-8478-a4fb72a86698",
            "port_id": "1e503e8b-5536-4a67-8478-a4fb72a86698",
            "region": "RegionOne",
            "router_id": "e8cd4cc1-219c-4f04-8971-1bf153204897",
            "sdn": "sprut",
            "subnet_id": "827b05e2-d628-4f9d-aafa-7e1dcd7ac6a8",
            "timeouts": null
          },
          "sensitive_attributes": [],
          "identity_schema_version": 0,
          "private": "eyJlMmJmYjczMC1lY2FhLTExZTYtOGY4OC0zNDM2M2JjN2M0YzAiOnsiY3JlYXRlIjo2MDAwMDAwMDAwMDAsImRlbGV0ZSI6NjAwMDAwMDAwMDAwfX0=",
          "dependencies": [
            "data.vkcs_networking_network.extnet",
            "vkcs_networking_network.k8s",
            "vkcs_networking_router.k8s",
            "vkcs_networking_subnet.k8s"
          ]
        }
      ]
    },
    {
      "mode": "managed",
      "type": "vkcs_networking_subnet",
      "name": "k8s",
      "provider": "provider[\"registry.terraform.io/vk-cs/vkcs\"]",
      "instances": [
        {
          "schema_version": 0,
          "attributes": {
            "all_tags": [],
            "allocation_pool": [
              {
                "end": "192.168.199.253",
                "start": "192.168.199.1"
              }
            ],
            "cidr": "192.168.199.0/24",
            "description": "",
            "dns_nameservers": [
              "8.8.8.8",
              "8.8.4.4"
            ],
            "enable_dhcp": true,
            "gateway_ip": "192.168.199.254",
            "id": "827b05e2-d628-4f9d-aafa-7e1dcd7ac6a8",
            "name": "k8s-subnet",
            "network_id": "e3e444bc-eb82-4650-90bd-6531aa99c462",
            "no_gateway": false,
            "prefix_length": null,
            "region": "RegionOne",
            "sdn": "sprut",
            "subnetpool_id": "",
            "tags": [],
            "timeouts": null,
            "value_specs": null
          },
          "sensitive_attributes": [],
          "identity_schema_version": 0,
          "private": "eyJlMmJmYjczMC1lY2FhLTExZTYtOGY4OC0zNDM2M2JjN2M0YzAiOnsiY3JlYXRlIjo2MDAwMDAwMDAwMDAsImRlbGV0ZSI6NjAwMDAwMDAwMDAwfX0=",
          "dependencies": [
            "vkcs_networking_network.k8s"
          ]
        }
      ]
    }
  ],
  "check_results": null
}
